PODS:
  - Bolts (1.9.0):
    - Bolts/AppLinks (= 1.9.0)
    - Bolts/Tasks (= 1.9.0)
  - Bolts/AppLinks (1.9.0):
    - Bolts/Tasks
  - Bolts/Tasks (1.9.0)
  - Crashlytics (3.10.0):
    - Fabric (~> 1.7.3)
  - Fabric (1.7.3)
  - FBSDKCoreKit (4.30.0):
    - Bolts (~> 1.7)
  - FBSDKLoginKit (4.30.0):
    - FBSDKCoreKit
  - Firebase (4.9.0):
    - Firebase/Core (= 4.9.0)
  - Firebase/Auth (4.9.0):
    - Firebase/Core
    - FirebaseAuth (= 4.4.3)
  - Firebase/Core (4.9.0):
    - FirebaseAnalytics (= 4.0.9)
    - FirebaseCore (= 4.0.15)
  - Firebase/Database (4.9.0):
    - Firebase/Core
    - FirebaseDatabase (= 4.1.4)
  - Firebase/Storage (4.9.0):
    - Firebase/Core
    - FirebaseStorage (= 2.1.2)
  - FirebaseAnalytics (4.0.9):
    - FirebaseCore (~> 4.0)
    - FirebaseInstanceID (~> 2.0)
    - GoogleToolboxForMac/NSData+zlib (~> 2.1)
    - nanopb (~> 0.3)
  - FirebaseAuth (4.4.3):
    - FirebaseAnalytics (~> 4.0)
    - GoogleToolboxForMac/NSDictionary+URLArguments (~> 2.1)
    - GTMSessionFetcher/Core (~> 1.1)
  - FirebaseCore (4.0.15):
    - GoogleToolboxForMac/NSData+zlib (~> 2.1)
  - FirebaseDatabase (4.1.4):
    - FirebaseAnalytics (~> 4.0)
    - FirebaseCore (~> 4.0)
    - leveldb-library (~> 1.18)
  - FirebaseInstanceID (2.0.9):
    - FirebaseCore (~> 4.0)
  - FirebaseStorage (2.1.2):
    - FirebaseAnalytics (~> 4.0)
    - FirebaseCore (~> 4.0)
    - GTMSessionFetcher/Core (~> 1.1)
  - GoogleSignIn (4.1.2):
    - GoogleToolboxForMac/NSDictionary+URLArguments (~> 2.1)
    - GoogleToolboxForMac/NSString+URLArguments (~> 2.1)
    - GTMOAuth2 (~> 1.0)
    - GTMSessionFetcher/Core (~> 1.1)
  - GoogleToolboxForMac/DebugUtils (2.1.3):
    - GoogleToolboxForMac/Defines (= 2.1.3)
  - GoogleToolboxForMac/Defines (2.1.3)
  - GoogleToolboxForMac/NSData+zlib (2.1.3):
    - GoogleToolboxForMac/Defines (= 2.1.3)
  - GoogleToolboxForMac/NSDictionary+URLArguments (2.1.3):
    - GoogleToolboxForMac/DebugUtils (= 2.1.3)
    - GoogleToolboxForMac/Defines (= 2.1.3)
    - GoogleToolboxForMac/NSString+URLArguments (= 2.1.3)
  - GoogleToolboxForMac/NSString+URLArguments (2.1.3)
  - GTMOAuth2 (1.1.6):
    - GTMSessionFetcher (~> 1.1)
  - GTMSessionFetcher (1.1.13):
    - GTMSessionFetcher/Full (= 1.1.13)
  - GTMSessionFetcher/Core (1.1.13)
  - GTMSessionFetcher/Full (1.1.13):
    - GTMSessionFetcher/Core (= 1.1.13)
  - Kingfisher (4.6.2)
  - leveldb-library (1.20)
  - libCGE (2.4.5)
  - nanopb (0.3.8):
    - nanopb/decode (= 0.3.8)
    - nanopb/encode (= 0.3.8)
  - nanopb/decode (0.3.8)
  - nanopb/encode (0.3.8)
  - Starscream (3.0.4)
  - SwiftKeychainWrapper (3.0.1)
  - TTSegmentedControl (0.4.4)
  - Unbox (2.5.0)
  - Wrap (3.0.0)

DEPENDENCIES:
  - Crashlytics
  - Fabric
  - FBSDKLoginKit
  - Firebase
  - Firebase/Auth
  - Firebase/Database
  - Firebase/Storage
  - GoogleSignIn
  - Kingfisher
  - libCGE (from `https://github.com/wysaid/ios-gpuimage-plus-pod.git`)
  - Starscream
  - SwiftKeychainWrapper
  - TTSegmentedControl (~> 0.3)
  - Unbox
  - Wrap

EXTERNAL SOURCES:
  libCGE:
    :git: https://github.com/wysaid/ios-gpuimage-plus-pod.git

CHECKOUT OPTIONS:
  libCGE:
    :commit: baedf79861bd509d88115d02d7db1aa01673edae
    :git: https://github.com/wysaid/ios-gpuimage-plus-pod.git

SPEC CHECKSUMS:
  Bolts: ac6567323eac61e203f6a9763667d0f711be34c8
  Crashlytics: a989ef242b66605577a425733797f810bd2725eb
  Fabric: bb495bb9a7a7677c6d03a1f8b83d95bc49b47e41
  FBSDKCoreKit: 7c4bba2877781a131ab5d54c0a78c405d4307b62
  FBSDKLoginKit: fe7a7e82373dc5daad92e1623219e86224ab1fb1
  Firebase: 632216af3ed7f31e3be34776947fdc7546cfb572
  FirebaseAnalytics: 388b630c15713f5dbf364071f5f3d6077fb52f4e
  FirebaseAuth: aaaf68d5064a6c8fec435758f83a43b8db26ccaa
  FirebaseCore: 3bd047463058fa6b5d312c97502c52e45401cdfb
  FirebaseDatabase: de4446507ccd3257fca37d16f40e1540324571fd
  FirebaseInstanceID: d2058a35e9bebda1b6dd42486b84917bde552a9d
  FirebaseStorage: 181bb543d39ee3c53e0558de7ba86b1286a0427f
  GoogleSignIn: d9ef55b10f0aa401a5de2747f59b725e4b9732ac
  GoogleToolboxForMac: 2501e2ad72a52eb3dfe7bd9aee7dad11b858bd20
  GTMOAuth2: c77fe325e4acd453837e72d91e3b5f13116857b2
  GTMSessionFetcher: 5bb1eae636127de695590f50e7d248483eb891e6
  Kingfisher: 55b9c395bf8d3949676ad3861111923990ab68cf
  leveldb-library: 08cba283675b7ed2d99629a4bc5fd052cd2bb6a5
  libCGE: 727fd408c1a03f2bb1fbf700b85bd72815bb25f8
  nanopb: 5601e6bca2dbf1ed831b519092ec110f66982ca3
  Starscream: f5da93fe6984c77b694366bf7299b7dc63a76f26
  SwiftKeychainWrapper: 38952a3636320ae61bad3513cadd870929de7a4a
  TTSegmentedControl: 7a5fc6c3e117c340106efd3a35205b987f2ba23c
  Unbox: 30e437e6151a6de16139375fd4e8dd9a664cfbf7
  Wrap: 918fdb5157e4f701f9503b2633752d6f94616f84

PODFILE CHECKSUM: fab05c29a0f47df9176364963457303357aabc53

COCOAPODS: 1.3.1
