// !$*UTF8*$!
{
	archiveVersion = 1;
	classes = {
	};
	objectVersion = 48;
	objects = {

/* Begin PBXBuildFile section */
		22037D0F1F8E1E0F00315130 /* FirebaseService.swift in Sources */ = {isa = PBXBuildFile; fileRef = 22037D0E1F8E1E0F00315130 /* FirebaseService.swift */; };
		22037D111F8E1E9400315130 /* SignIn.swift in Sources */ = {isa = PBXBuildFile; fileRef = 22037D101F8E1E9400315130 /* SignIn.swift */; };
		22037D131F8E21D100315130 /* Constants.swift in Sources */ = {isa = PBXBuildFile; fileRef = 22037D121F8E21D100315130 /* Constants.swift */; };
		22037D141F8E240A00315130 /* GoogleService-Info.plist in Resources */ = {isa = PBXBuildFile; fileRef = 22A5E56F1F8E180B0025A0D5 /* GoogleService-Info.plist */; };
		2247FB851F9DF84100CE377B /* Reachability.swift in Sources */ = {isa = PBXBuildFile; fileRef = 2247FB841F9DF84100CE377B /* Reachability.swift */; };
		226982CF1FCF380900BDFB1D /* ConnectToTileInteractor.swift in Sources */ = {isa = PBXBuildFile; fileRef = 226982C91FCF380900BDFB1D /* ConnectToTileInteractor.swift */; };
		226982D01FCF380900BDFB1D /* ConnectToTileModels.swift in Sources */ = {isa = PBXBuildFile; fileRef = 226982CA1FCF380900BDFB1D /* ConnectToTileModels.swift */; };
		226982D11FCF380900BDFB1D /* ConnectToTilePresenter.swift in Sources */ = {isa = PBXBuildFile; fileRef = 226982CB1FCF380900BDFB1D /* ConnectToTilePresenter.swift */; };
		226982D21FCF380900BDFB1D /* ConnectToTileRouter.swift in Sources */ = {isa = PBXBuildFile; fileRef = 226982CC1FCF380900BDFB1D /* ConnectToTileRouter.swift */; };
		226982D31FCF380900BDFB1D /* ConnectToTileViewController.swift in Sources */ = {isa = PBXBuildFile; fileRef = 226982CD1FCF380900BDFB1D /* ConnectToTileViewController.swift */; };
		226982D41FCF380900BDFB1D /* ConnectToTileWorker.swift in Sources */ = {isa = PBXBuildFile; fileRef = 226982CE1FCF380900BDFB1D /* ConnectToTileWorker.swift */; };
		2272CC191F9F6AF80032B691 /* ImageCell.swift in Sources */ = {isa = PBXBuildFile; fileRef = 2272CC181F9F6AF80032B691 /* ImageCell.swift */; };
		2272CC1E1F9F92800032B691 /* Tile.swift in Sources */ = {isa = PBXBuildFile; fileRef = 2272CC1D1F9F92800032B691 /* Tile.swift */; };
		228066051FD314E200832D77 /* getgateway.c in Sources */ = {isa = PBXBuildFile; fileRef = 228065F31FD314E200832D77 /* getgateway.c */; };
		228066061FD314E200832D77 /* Info.plist in Resources */ = {isa = PBXBuildFile; fileRef = 228065F81FD314E200832D77 /* Info.plist */; };
		228066071FD314E200832D77 /* IPObjectiveManager.m in Sources */ = {isa = PBXBuildFile; fileRef = 228065FA1FD314E200832D77 /* IPObjectiveManager.m */; };
		228066081FD314E200832D77 /* MacAddressManager.m in Sources */ = {isa = PBXBuildFile; fileRef = 228065FC1FD314E200832D77 /* MacAddressManager.m */; };
		228066091FD314E200832D77 /* ViewController.swift in Sources */ = {isa = PBXBuildFile; fileRef = 228065FE1FD314E200832D77 /* ViewController.swift */; };
		2280660A1FD314E200832D77 /* WifiIPManager.swift in Sources */ = {isa = PBXBuildFile; fileRef = 228065FF1FD314E200832D77 /* WifiIPManager.swift */; };
		2280660B1FD314E200832D77 /* WiFiManager.swift in Sources */ = {isa = PBXBuildFile; fileRef = 228066001FD314E200832D77 /* WiFiManager.swift */; };
		2280660D1FD3333F00832D77 /* NetInfo.swift in Sources */ = {isa = PBXBuildFile; fileRef = 2280660C1FD3333F00832D77 /* NetInfo.swift */; };
		2289912C1F94BA5700DF2175 /* EditTileInteractor.swift in Sources */ = {isa = PBXBuildFile; fileRef = 228991261F94BA5700DF2175 /* EditTileInteractor.swift */; };
		2289912D1F94BA5700DF2175 /* EditTileModels.swift in Sources */ = {isa = PBXBuildFile; fileRef = 228991271F94BA5700DF2175 /* EditTileModels.swift */; };
		2289912E1F94BA5700DF2175 /* EditTilePresenter.swift in Sources */ = {isa = PBXBuildFile; fileRef = 228991281F94BA5700DF2175 /* EditTilePresenter.swift */; };
		2289912F1F94BA5700DF2175 /* EditTileRouter.swift in Sources */ = {isa = PBXBuildFile; fileRef = 228991291F94BA5700DF2175 /* EditTileRouter.swift */; };
		228991301F94BA5700DF2175 /* EditTileViewController.swift in Sources */ = {isa = PBXBuildFile; fileRef = 2289912A1F94BA5700DF2175 /* EditTileViewController.swift */; };
		228991311F94BA5700DF2175 /* EditTileWorker.swift in Sources */ = {isa = PBXBuildFile; fileRef = 2289912B1F94BA5700DF2175 /* EditTileWorker.swift */; };
		228991391F94D5A500DF2175 /* TilesInteractor.swift in Sources */ = {isa = PBXBuildFile; fileRef = 228991331F94D5A500DF2175 /* TilesInteractor.swift */; };
		2289913A1F94D5A500DF2175 /* TilesModels.swift in Sources */ = {isa = PBXBuildFile; fileRef = 228991341F94D5A500DF2175 /* TilesModels.swift */; };
		2289913B1F94D5A500DF2175 /* TilesPresenter.swift in Sources */ = {isa = PBXBuildFile; fileRef = 228991351F94D5A500DF2175 /* TilesPresenter.swift */; };
		2289913C1F94D5A500DF2175 /* TilesRouter.swift in Sources */ = {isa = PBXBuildFile; fileRef = 228991361F94D5A500DF2175 /* TilesRouter.swift */; };
		2289913D1F94D5A500DF2175 /* TilesViewController.swift in Sources */ = {isa = PBXBuildFile; fileRef = 228991371F94D5A500DF2175 /* TilesViewController.swift */; };
		2289913E1F94D5A500DF2175 /* TilesWorker.swift in Sources */ = {isa = PBXBuildFile; fileRef = 228991381F94D5A500DF2175 /* TilesWorker.swift */; };
		228E02561FE9901B009AA8EC /* GoToSettingsInteractor.swift in Sources */ = {isa = PBXBuildFile; fileRef = 228E02501FE9901B009AA8EC /* GoToSettingsInteractor.swift */; };
		228E02571FE9901B009AA8EC /* GoToSettingsModels.swift in Sources */ = {isa = PBXBuildFile; fileRef = 228E02511FE9901B009AA8EC /* GoToSettingsModels.swift */; };
		228E02581FE9901B009AA8EC /* GoToSettingsPresenter.swift in Sources */ = {isa = PBXBuildFile; fileRef = 228E02521FE9901B009AA8EC /* GoToSettingsPresenter.swift */; };
		228E02591FE9901B009AA8EC /* GoToSettingsRouter.swift in Sources */ = {isa = PBXBuildFile; fileRef = 228E02531FE9901B009AA8EC /* GoToSettingsRouter.swift */; };
		228E025A1FE9901B009AA8EC /* GoToSettingsViewController.swift in Sources */ = {isa = PBXBuildFile; fileRef = 228E02541FE9901B009AA8EC /* GoToSettingsViewController.swift */; };
		228E025B1FE9901B009AA8EC /* GoToSettingsWorker.swift in Sources */ = {isa = PBXBuildFile; fileRef = 228E02551FE9901B009AA8EC /* GoToSettingsWorker.swift */; };
		229431401FE057AA002F2A0C /* DesignableUITextField.swift in Sources */ = {isa = PBXBuildFile; fileRef = 2294313F1FE057AA002F2A0C /* DesignableUITextField.swift */; };
		229B10681F8F87B700FDA0F4 /* LoginInteractor.swift in Sources */ = {isa = PBXBuildFile; fileRef = 229B10621F8F87B700FDA0F4 /* LoginInteractor.swift */; };
		229B10691F8F87B700FDA0F4 /* LoginModels.swift in Sources */ = {isa = PBXBuildFile; fileRef = 229B10631F8F87B700FDA0F4 /* LoginModels.swift */; };
		229B106A1F8F87B700FDA0F4 /* LoginPresenter.swift in Sources */ = {isa = PBXBuildFile; fileRef = 229B10641F8F87B700FDA0F4 /* LoginPresenter.swift */; };
		229B106B1F8F87B700FDA0F4 /* LoginRouter.swift in Sources */ = {isa = PBXBuildFile; fileRef = 229B10651F8F87B700FDA0F4 /* LoginRouter.swift */; };
		229B106C1F8F87B700FDA0F4 /* LoginViewController.swift in Sources */ = {isa = PBXBuildFile; fileRef = 229B10661F8F87B700FDA0F4 /* LoginViewController.swift */; };
		229B106D1F8F87B700FDA0F4 /* LoginWorker.swift in Sources */ = {isa = PBXBuildFile; fileRef = 229B10671F8F87B700FDA0F4 /* LoginWorker.swift */; };
		22A0EF9C1FEC2B7C00693523 /* BrightnessViewController.swift in Sources */ = {isa = PBXBuildFile; fileRef = 22A0EF9A1FEC2B7C00693523 /* BrightnessViewController.swift */; };
		22A0EF9D1FEC2B7C00693523 /* BrightnessViewController.xib in Resources */ = {isa = PBXBuildFile; fileRef = 22A0EF9B1FEC2B7C00693523 /* BrightnessViewController.xib */; };
		22A0EF9F1FEC2E5800693523 /* PhotoEditorViewController + Brightness.swift in Sources */ = {isa = PBXBuildFile; fileRef = 22A0EF9E1FEC2E5800693523 /* PhotoEditorViewController + Brightness.swift */; };
		22A372011FD5D96B0029DEDB /* PhotoEditor.storyboard in Resources */ = {isa = PBXBuildFile; fileRef = 22A371CD1FD5D96B0029DEDB /* PhotoEditor.storyboard */; };
		22A372041FD5D96B0029DEDB /* ColorCollectionViewCell.swift in Sources */ = {isa = PBXBuildFile; fileRef = 22A371D11FD5D96B0029DEDB /* ColorCollectionViewCell.swift */; };
		22A372051FD5D96B0029DEDB /* ColorCollectionViewCell.xib in Resources */ = {isa = PBXBuildFile; fileRef = 22A371D21FD5D96B0029DEDB /* ColorCollectionViewCell.xib */; };
		22A372061FD5D96B0029DEDB /* ColorsCollectionViewDelegate.swift in Sources */ = {isa = PBXBuildFile; fileRef = 22A371D31FD5D96B0029DEDB /* ColorsCollectionViewDelegate.swift */; };
		22A372071FD5D96B0029DEDB /* CropRectView.swift in Sources */ = {isa = PBXBuildFile; fileRef = 22A371D41FD5D96B0029DEDB /* CropRectView.swift */; };
		22A372081FD5D96B0029DEDB /* CropView.swift in Sources */ = {isa = PBXBuildFile; fileRef = 22A371D51FD5D96B0029DEDB /* CropView.swift */; };
		22A372091FD5D96B0029DEDB /* CropViewController.swift in Sources */ = {isa = PBXBuildFile; fileRef = 22A371D61FD5D96B0029DEDB /* CropViewController.swift */; };
		22A3720A1FD5D96B0029DEDB /* EmojiCollectionViewCell.swift in Sources */ = {isa = PBXBuildFile; fileRef = 22A371D71FD5D96B0029DEDB /* EmojiCollectionViewCell.swift */; };
		22A3720B1FD5D96B0029DEDB /* EmojiCollectionViewCell.xib in Resources */ = {isa = PBXBuildFile; fileRef = 22A371D81FD5D96B0029DEDB /* EmojiCollectionViewCell.xib */; };
		22A3720C1FD5D96B0029DEDB /* EmojisCollectionViewDelegate.swift in Sources */ = {isa = PBXBuildFile; fileRef = 22A371D91FD5D96B0029DEDB /* EmojisCollectionViewDelegate.swift */; };
		22A3720D1FD5D96B0029DEDB /* Eventtus-Icons.ttf in Resources */ = {isa = PBXBuildFile; fileRef = 22A371DA1FD5D96B0029DEDB /* Eventtus-Icons.ttf */; };
		22A3720E1FD5D96B0029DEDB /* FiltersViewController.swift in Sources */ = {isa = PBXBuildFile; fileRef = 22A371DB1FD5D96B0029DEDB /* FiltersViewController.swift */; };
		22A3720F1FD5D96B0029DEDB /* FiltersViewController.xib in Resources */ = {isa = PBXBuildFile; fileRef = 22A371DC1FD5D96B0029DEDB /* FiltersViewController.xib */; };
		22A372111FD5D96B0029DEDB /* GradientView.swift in Sources */ = {isa = PBXBuildFile; fileRef = 22A371DE1FD5D96B0029DEDB /* GradientView.swift */; };
		22A372121FD5D96B0029DEDB /* icomoon.ttf in Resources */ = {isa = PBXBuildFile; fileRef = 22A371DF1FD5D96B0029DEDB /* icomoon.ttf */; };
		22A372161FD5D96B0029DEDB /* PhotoCropEditorBorder.png in Resources */ = {isa = PBXBuildFile; fileRef = 22A371E31FD5D96B0029DEDB /* PhotoCropEditorBorder.png */; };
		22A372171FD5D96B0029DEDB /* PhotoCropEditorBorder@2x.png in Resources */ = {isa = PBXBuildFile; fileRef = 22A371E41FD5D96B0029DEDB /* PhotoCropEditorBorder@2x.png */; };
		22A372181FD5D96B0029DEDB /* PhotoCropEditorBorder@3x.png in Resources */ = {isa = PBXBuildFile; fileRef = 22A371E51FD5D96B0029DEDB /* PhotoCropEditorBorder@3x.png */; };
		22A372191FD5D96B0029DEDB /* PhotoEditor+Controls.swift in Sources */ = {isa = PBXBuildFile; fileRef = 22A371E61FD5D96B0029DEDB /* PhotoEditor+Controls.swift */; };
		22A3721A1FD5D96B0029DEDB /* PhotoEditor+Crop.swift in Sources */ = {isa = PBXBuildFile; fileRef = 22A371E71FD5D96B0029DEDB /* PhotoEditor+Crop.swift */; };
		22A3721B1FD5D96B0029DEDB /* PhotoEditor+Drawing.swift in Sources */ = {isa = PBXBuildFile; fileRef = 22A371E81FD5D96B0029DEDB /* PhotoEditor+Drawing.swift */; };
		22A3721C1FD5D96B0029DEDB /* PhotoEditor+FiltersViewController.swift in Sources */ = {isa = PBXBuildFile; fileRef = 22A371E91FD5D96B0029DEDB /* PhotoEditor+FiltersViewController.swift */; };
		22A3721D1FD5D96B0029DEDB /* PhotoEditor+Font.swift in Sources */ = {isa = PBXBuildFile; fileRef = 22A371EA1FD5D96B0029DEDB /* PhotoEditor+Font.swift */; };
		22A3721E1FD5D96B0029DEDB /* PhotoEditor+Gestures.swift in Sources */ = {isa = PBXBuildFile; fileRef = 22A371EB1FD5D96B0029DEDB /* PhotoEditor+Gestures.swift */; };
		22A3721F1FD5D96B0029DEDB /* PhotoEditor+Keyboard.swift in Sources */ = {isa = PBXBuildFile; fileRef = 22A371EC1FD5D96B0029DEDB /* PhotoEditor+Keyboard.swift */; };
		22A372201FD5D96B0029DEDB /* PhotoEditor+StickersViewController.swift in Sources */ = {isa = PBXBuildFile; fileRef = 22A371ED1FD5D96B0029DEDB /* PhotoEditor+StickersViewController.swift */; };
		22A372211FD5D96B0029DEDB /* PhotoEditor+UITextView.swift in Sources */ = {isa = PBXBuildFile; fileRef = 22A371EE1FD5D96B0029DEDB /* PhotoEditor+UITextView.swift */; };
		22A372221FD5D96B0029DEDB /* PhotoEditorViewController.swift in Sources */ = {isa = PBXBuildFile; fileRef = 22A371EF1FD5D96B0029DEDB /* PhotoEditorViewController.swift */; };
		22A372231FD5D96B0029DEDB /* PhotoEditorViewController.xib in Resources */ = {isa = PBXBuildFile; fileRef = 22A371F01FD5D96B0029DEDB /* PhotoEditorViewController.xib */; };
		22A372241FD5D96B0029DEDB /* Protocols.swift in Sources */ = {isa = PBXBuildFile; fileRef = 22A371F11FD5D96B0029DEDB /* Protocols.swift */; };
		22A372251FD5D96B0029DEDB /* ResizeControl.swift in Sources */ = {isa = PBXBuildFile; fileRef = 22A371F21FD5D96B0029DEDB /* ResizeControl.swift */; };
		22A372261FD5D96B0029DEDB /* StickerCollectionViewCell.swift in Sources */ = {isa = PBXBuildFile; fileRef = 22A371F31FD5D96B0029DEDB /* StickerCollectionViewCell.swift */; };
		22A372271FD5D96B0029DEDB /* StickerCollectionViewCell.xib in Resources */ = {isa = PBXBuildFile; fileRef = 22A371F41FD5D96B0029DEDB /* StickerCollectionViewCell.xib */; };
		22A372281FD5D96B0029DEDB /* StickersViewController.swift in Sources */ = {isa = PBXBuildFile; fileRef = 22A371F51FD5D96B0029DEDB /* StickersViewController.swift */; };
		22A372291FD5D96B0029DEDB /* StickersViewController.xib in Resources */ = {isa = PBXBuildFile; fileRef = 22A371F61FD5D96B0029DEDB /* StickersViewController.xib */; };
		22A3722A1FD5D96B0029DEDB /* UIImage+Crop.swift in Sources */ = {isa = PBXBuildFile; fileRef = 22A371F71FD5D96B0029DEDB /* UIImage+Crop.swift */; };
		22A3722B1FD5D96B0029DEDB /* UIImage+Size.swift in Sources */ = {isa = PBXBuildFile; fileRef = 22A371F81FD5D96B0029DEDB /* UIImage+Size.swift */; };
		22A3722C1FD5D96B0029DEDB /* UIImageExtensions.swift in Sources */ = {isa = PBXBuildFile; fileRef = 22A371F91FD5D96B0029DEDB /* UIImageExtensions.swift */; };
		22A3722D1FD5D96B0029DEDB /* UIImageView+Alpha.swift in Sources */ = {isa = PBXBuildFile; fileRef = 22A371FA1FD5D96B0029DEDB /* UIImageView+Alpha.swift */; };
		22A3722F1FD5D96B0029DEDB /* UIView+Image.swift in Sources */ = {isa = PBXBuildFile; fileRef = 22A371FC1FD5D96B0029DEDB /* UIView+Image.swift */; };
		22A5E54D1F8E162F0025A0D5 /* AppDelegate.swift in Sources */ = {isa = PBXBuildFile; fileRef = 22A5E54C1F8E162F0025A0D5 /* AppDelegate.swift */; };
		22A5E5521F8E162F0025A0D5 /* Main.storyboard in Resources */ = {isa = PBXBuildFile; fileRef = 22A5E5501F8E162F0025A0D5 /* Main.storyboard */; };
		22A5E5551F8E162F0025A0D5 /* Tile.xcdatamodeld in Sources */ = {isa = PBXBuildFile; fileRef = 22A5E5531F8E162F0025A0D5 /* Tile.xcdatamodeld */; };
		22A5E5571F8E162F0025A0D5 /* Assets.xcassets in Resources */ = {isa = PBXBuildFile; fileRef = 22A5E5561F8E162F0025A0D5 /* Assets.xcassets */; };
		22A5E55A1F8E162F0025A0D5 /* LaunchScreen.storyboard in Resources */ = {isa = PBXBuildFile; fileRef = 22A5E5581F8E162F0025A0D5 /* LaunchScreen.storyboard */; };
		22A5E5651F8E162F0025A0D5 /* TileTests.swift in Sources */ = {isa = PBXBuildFile; fileRef = 22A5E5641F8E162F0025A0D5 /* TileTests.swift */; };
		22AC7FAD1FCB1447000BD370 /* TileCell.swift in Sources */ = {isa = PBXBuildFile; fileRef = 22AC7FAB1FCB1447000BD370 /* TileCell.swift */; };
		22AC7FAE1FCB1447000BD370 /* TileCell.xib in Resources */ = {isa = PBXBuildFile; fileRef = 22AC7FAC1FCB1447000BD370 /* TileCell.xib */; };
		22EA4DB41FBE0438007E9DD9 /* CreateNewAccountInteractor.swift in Sources */ = {isa = PBXBuildFile; fileRef = 22EA4DAE1FBE0438007E9DD9 /* CreateNewAccountInteractor.swift */; };
		22EA4DB51FBE0438007E9DD9 /* CreateNewAccountModels.swift in Sources */ = {isa = PBXBuildFile; fileRef = 22EA4DAF1FBE0438007E9DD9 /* CreateNewAccountModels.swift */; };
		22EA4DB61FBE0438007E9DD9 /* CreateNewAccountPresenter.swift in Sources */ = {isa = PBXBuildFile; fileRef = 22EA4DB01FBE0438007E9DD9 /* CreateNewAccountPresenter.swift */; };
		22EA4DB71FBE0438007E9DD9 /* CreateNewAccountRouter.swift in Sources */ = {isa = PBXBuildFile; fileRef = 22EA4DB11FBE0438007E9DD9 /* CreateNewAccountRouter.swift */; };
		22EA4DB81FBE0438007E9DD9 /* CreateNewAccountViewController.swift in Sources */ = {isa = PBXBuildFile; fileRef = 22EA4DB21FBE0438007E9DD9 /* CreateNewAccountViewController.swift */; };
		22EA4DB91FBE0438007E9DD9 /* CreateNewAccountWorker.swift in Sources */ = {isa = PBXBuildFile; fileRef = 22EA4DB31FBE0438007E9DD9 /* CreateNewAccountWorker.swift */; };
		22FA0B5C1FB20CA90088D5BA /* CircleButton.swift in Sources */ = {isa = PBXBuildFile; fileRef = 22FA0B5B1FB20CA90088D5BA /* CircleButton.swift */; };
		22FA0B641FB20ECA0088D5BA /* ProfileInteractor.swift in Sources */ = {isa = PBXBuildFile; fileRef = 22FA0B5E1FB20ECA0088D5BA /* ProfileInteractor.swift */; };
		22FA0B651FB20ECA0088D5BA /* ProfileModels.swift in Sources */ = {isa = PBXBuildFile; fileRef = 22FA0B5F1FB20ECA0088D5BA /* ProfileModels.swift */; };
		22FA0B661FB20ECA0088D5BA /* ProfilePresenter.swift in Sources */ = {isa = PBXBuildFile; fileRef = 22FA0B601FB20ECA0088D5BA /* ProfilePresenter.swift */; };
		22FA0B671FB20ECA0088D5BA /* ProfileRouter.swift in Sources */ = {isa = PBXBuildFile; fileRef = 22FA0B611FB20ECA0088D5BA /* ProfileRouter.swift */; };
		22FA0B681FB20ECA0088D5BA /* ProfileViewController.swift in Sources */ = {isa = PBXBuildFile; fileRef = 22FA0B621FB20ECA0088D5BA /* ProfileViewController.swift */; };
		22FA0B691FB20ECA0088D5BA /* ProfileWorker.swift in Sources */ = {isa = PBXBuildFile; fileRef = 22FA0B631FB20ECA0088D5BA /* ProfileWorker.swift */; };
		8E17DC976E887F782D3E40E6 /* Pods_TileTests.framework in Frameworks */ = {isa = PBXBuildFile; fileRef = D5D8E20C87F22FA30148F8D1 /* Pods_TileTests.framework */; };
		B8A40267CD11F2051E5FA347 /* Pods_Tile.framework in Frameworks */ = {isa = PBXBuildFile; fileRef = B7BDA09DAB0E43C5E102FFA3 /* Pods_Tile.framework */; };
/* End PBXBuildFile section */

/* Begin PBXContainerItemProxy section */
		22A5E5611F8E162F0025A0D5 /* PBXContainerItemProxy */ = {
			isa = PBXContainerItemProxy;
			containerPortal = 22A5E5411F8E162F0025A0D5 /* Project object */;
			proxyType = 1;
			remoteGlobalIDString = 22A5E5481F8E162F0025A0D5;
			remoteInfo = Tile;
		};
/* End PBXContainerItemProxy section */

/* Begin PBXFileReference section */
		22037D0E1F8E1E0F00315130 /* FirebaseService.swift */ = {isa = PBXFileReference; lastKnownFileType = sourcecode.swift; path = FirebaseService.swift; sourceTree = "<group>"; wrapsLines = 0; };
		22037D101F8E1E9400315130 /* SignIn.swift */ = {isa = PBXFileReference; lastKnownFileType = sourcecode.swift; path = SignIn.swift; sourceTree = "<group>"; };
		22037D121F8E21D100315130 /* Constants.swift */ = {isa = PBXFileReference; lastKnownFileType = sourcecode.swift; path = Constants.swift; sourceTree = "<group>"; };
		2247FB841F9DF84100CE377B /* Reachability.swift */ = {isa = PBXFileReference; lastKnownFileType = sourcecode.swift; path = Reachability.swift; sourceTree = "<group>"; };
		226982C91FCF380900BDFB1D /* ConnectToTileInteractor.swift */ = {isa = PBXFileReference; lastKnownFileType = sourcecode.swift; path = ConnectToTileInteractor.swift; sourceTree = "<group>"; };
		226982CA1FCF380900BDFB1D /* ConnectToTileModels.swift */ = {isa = PBXFileReference; lastKnownFileType = sourcecode.swift; path = ConnectToTileModels.swift; sourceTree = "<group>"; };
		226982CB1FCF380900BDFB1D /* ConnectToTilePresenter.swift */ = {isa = PBXFileReference; lastKnownFileType = sourcecode.swift; path = ConnectToTilePresenter.swift; sourceTree = "<group>"; };
		226982CC1FCF380900BDFB1D /* ConnectToTileRouter.swift */ = {isa = PBXFileReference; lastKnownFileType = sourcecode.swift; path = ConnectToTileRouter.swift; sourceTree = "<group>"; };
		226982CD1FCF380900BDFB1D /* ConnectToTileViewController.swift */ = {isa = PBXFileReference; lastKnownFileType = sourcecode.swift; path = ConnectToTileViewController.swift; sourceTree = "<group>"; };
		226982CE1FCF380900BDFB1D /* ConnectToTileWorker.swift */ = {isa = PBXFileReference; lastKnownFileType = sourcecode.swift; path = ConnectToTileWorker.swift; sourceTree = "<group>"; };
		2272CC181F9F6AF80032B691 /* ImageCell.swift */ = {isa = PBXFileReference; lastKnownFileType = sourcecode.swift; path = ImageCell.swift; sourceTree = "<group>"; };
		2272CC1D1F9F92800032B691 /* Tile.swift */ = {isa = PBXFileReference; lastKnownFileType = sourcecode.swift; path = Tile.swift; sourceTree = "<group>"; };
		228065F31FD314E200832D77 /* getgateway.c */ = {isa = PBXFileReference; fileEncoding = 4; lastKnownFileType = sourcecode.c.c; path = getgateway.c; sourceTree = "<group>"; };
		228065F41FD314E200832D77 /* getgateway.h */ = {isa = PBXFileReference; fileEncoding = 4; lastKnownFileType = sourcecode.c.h; path = getgateway.h; sourceTree = "<group>"; };
		228065F51FD314E200832D77 /* if_arp.h */ = {isa = PBXFileReference; fileEncoding = 4; lastKnownFileType = sourcecode.c.h; path = if_arp.h; sourceTree = "<group>"; };
		228065F61FD314E200832D77 /* if_ether.h */ = {isa = PBXFileReference; fileEncoding = 4; lastKnownFileType = sourcecode.c.h; path = if_ether.h; sourceTree = "<group>"; };
		228065F71FD314E200832D77 /* if_types.h */ = {isa = PBXFileReference; fileEncoding = 4; lastKnownFileType = sourcecode.c.h; path = if_types.h; sourceTree = "<group>"; };
		228065F81FD314E200832D77 /* Info.plist */ = {isa = PBXFileReference; fileEncoding = 4; lastKnownFileType = text.plist.xml; path = Info.plist; sourceTree = "<group>"; };
		228065F91FD314E200832D77 /* IPObjectiveManager.h */ = {isa = PBXFileReference; fileEncoding = 4; lastKnownFileType = sourcecode.c.h; path = IPObjectiveManager.h; sourceTree = "<group>"; };
		228065FA1FD314E200832D77 /* IPObjectiveManager.m */ = {isa = PBXFileReference; fileEncoding = 4; lastKnownFileType = sourcecode.c.objc; path = IPObjectiveManager.m; sourceTree = "<group>"; };
		228065FB1FD314E200832D77 /* MacAddressManager.h */ = {isa = PBXFileReference; fileEncoding = 4; lastKnownFileType = sourcecode.c.h; path = MacAddressManager.h; sourceTree = "<group>"; };
		228065FC1FD314E200832D77 /* MacAddressManager.m */ = {isa = PBXFileReference; fileEncoding = 4; lastKnownFileType = sourcecode.c.objc; path = MacAddressManager.m; sourceTree = "<group>"; };
		228065FD1FD314E200832D77 /* Route.h */ = {isa = PBXFileReference; fileEncoding = 4; lastKnownFileType = sourcecode.c.h; path = Route.h; sourceTree = "<group>"; };
		228065FE1FD314E200832D77 /* ViewController.swift */ = {isa = PBXFileReference; fileEncoding = 4; lastKnownFileType = sourcecode.swift; path = ViewController.swift; sourceTree = "<group>"; };
		228065FF1FD314E200832D77 /* WifiIPManager.swift */ = {isa = PBXFileReference; fileEncoding = 4; lastKnownFileType = sourcecode.swift; path = WifiIPManager.swift; sourceTree = "<group>"; };
		228066001FD314E200832D77 /* WiFiManager.swift */ = {isa = PBXFileReference; fileEncoding = 4; lastKnownFileType = sourcecode.swift; path = WiFiManager.swift; sourceTree = "<group>"; };
		2280660C1FD3333F00832D77 /* NetInfo.swift */ = {isa = PBXFileReference; lastKnownFileType = sourcecode.swift; path = NetInfo.swift; sourceTree = "<group>"; };
		228991261F94BA5700DF2175 /* EditTileInteractor.swift */ = {isa = PBXFileReference; lastKnownFileType = sourcecode.swift; path = EditTileInteractor.swift; sourceTree = "<group>"; };
		228991271F94BA5700DF2175 /* EditTileModels.swift */ = {isa = PBXFileReference; lastKnownFileType = sourcecode.swift; path = EditTileModels.swift; sourceTree = "<group>"; };
		228991281F94BA5700DF2175 /* EditTilePresenter.swift */ = {isa = PBXFileReference; lastKnownFileType = sourcecode.swift; path = EditTilePresenter.swift; sourceTree = "<group>"; };
		228991291F94BA5700DF2175 /* EditTileRouter.swift */ = {isa = PBXFileReference; lastKnownFileType = sourcecode.swift; path = EditTileRouter.swift; sourceTree = "<group>"; };
		2289912A1F94BA5700DF2175 /* EditTileViewController.swift */ = {isa = PBXFileReference; lastKnownFileType = sourcecode.swift; path = EditTileViewController.swift; sourceTree = "<group>"; };
		2289912B1F94BA5700DF2175 /* EditTileWorker.swift */ = {isa = PBXFileReference; lastKnownFileType = sourcecode.swift; path = EditTileWorker.swift; sourceTree = "<group>"; };
		228991331F94D5A500DF2175 /* TilesInteractor.swift */ = {isa = PBXFileReference; lastKnownFileType = sourcecode.swift; path = TilesInteractor.swift; sourceTree = "<group>"; };
		228991341F94D5A500DF2175 /* TilesModels.swift */ = {isa = PBXFileReference; lastKnownFileType = sourcecode.swift; path = TilesModels.swift; sourceTree = "<group>"; };
		228991351F94D5A500DF2175 /* TilesPresenter.swift */ = {isa = PBXFileReference; lastKnownFileType = sourcecode.swift; path = TilesPresenter.swift; sourceTree = "<group>"; };
		228991361F94D5A500DF2175 /* TilesRouter.swift */ = {isa = PBXFileReference; lastKnownFileType = sourcecode.swift; path = TilesRouter.swift; sourceTree = "<group>"; };
		228991371F94D5A500DF2175 /* TilesViewController.swift */ = {isa = PBXFileReference; lastKnownFileType = sourcecode.swift; path = TilesViewController.swift; sourceTree = "<group>"; };
		228991381F94D5A500DF2175 /* TilesWorker.swift */ = {isa = PBXFileReference; lastKnownFileType = sourcecode.swift; path = TilesWorker.swift; sourceTree = "<group>"; };
		228E02501FE9901B009AA8EC /* GoToSettingsInteractor.swift */ = {isa = PBXFileReference; lastKnownFileType = sourcecode.swift; path = GoToSettingsInteractor.swift; sourceTree = "<group>"; };
		228E02511FE9901B009AA8EC /* GoToSettingsModels.swift */ = {isa = PBXFileReference; lastKnownFileType = sourcecode.swift; path = GoToSettingsModels.swift; sourceTree = "<group>"; };
		228E02521FE9901B009AA8EC /* GoToSettingsPresenter.swift */ = {isa = PBXFileReference; lastKnownFileType = sourcecode.swift; path = GoToSettingsPresenter.swift; sourceTree = "<group>"; };
		228E02531FE9901B009AA8EC /* GoToSettingsRouter.swift */ = {isa = PBXFileReference; lastKnownFileType = sourcecode.swift; path = GoToSettingsRouter.swift; sourceTree = "<group>"; };
		228E02541FE9901B009AA8EC /* GoToSettingsViewController.swift */ = {isa = PBXFileReference; lastKnownFileType = sourcecode.swift; path = GoToSettingsViewController.swift; sourceTree = "<group>"; };
		228E02551FE9901B009AA8EC /* GoToSettingsWorker.swift */ = {isa = PBXFileReference; lastKnownFileType = sourcecode.swift; path = GoToSettingsWorker.swift; sourceTree = "<group>"; };
		2294313F1FE057AA002F2A0C /* DesignableUITextField.swift */ = {isa = PBXFileReference; lastKnownFileType = sourcecode.swift; path = DesignableUITextField.swift; sourceTree = "<group>"; };
		229B10621F8F87B700FDA0F4 /* LoginInteractor.swift */ = {isa = PBXFileReference; lastKnownFileType = sourcecode.swift; path = LoginInteractor.swift; sourceTree = "<group>"; };
		229B10631F8F87B700FDA0F4 /* LoginModels.swift */ = {isa = PBXFileReference; lastKnownFileType = sourcecode.swift; path = LoginModels.swift; sourceTree = "<group>"; };
		229B10641F8F87B700FDA0F4 /* LoginPresenter.swift */ = {isa = PBXFileReference; lastKnownFileType = sourcecode.swift; path = LoginPresenter.swift; sourceTree = "<group>"; };
		229B10651F8F87B700FDA0F4 /* LoginRouter.swift */ = {isa = PBXFileReference; lastKnownFileType = sourcecode.swift; path = LoginRouter.swift; sourceTree = "<group>"; };
		229B10661F8F87B700FDA0F4 /* LoginViewController.swift */ = {isa = PBXFileReference; lastKnownFileType = sourcecode.swift; path = LoginViewController.swift; sourceTree = "<group>"; };
		229B10671F8F87B700FDA0F4 /* LoginWorker.swift */ = {isa = PBXFileReference; lastKnownFileType = sourcecode.swift; path = LoginWorker.swift; sourceTree = "<group>"; };
		22A0EF9A1FEC2B7C00693523 /* BrightnessViewController.swift */ = {isa = PBXFileReference; lastKnownFileType = sourcecode.swift; path = BrightnessViewController.swift; sourceTree = "<group>"; };
		22A0EF9B1FEC2B7C00693523 /* BrightnessViewController.xib */ = {isa = PBXFileReference; lastKnownFileType = file.xib; path = BrightnessViewController.xib; sourceTree = "<group>"; };
		22A0EF9E1FEC2E5800693523 /* PhotoEditorViewController + Brightness.swift */ = {isa = PBXFileReference; lastKnownFileType = sourcecode.swift; path = "PhotoEditorViewController + Brightness.swift"; sourceTree = "<group>"; };
		22A371CE1FD5D96B0029DEDB /* Base */ = {isa = PBXFileReference; lastKnownFileType = file.storyboard; name = Base; path = Base.lproj/PhotoEditor.storyboard; sourceTree = "<group>"; };
		22A371D11FD5D96B0029DEDB /* ColorCollectionViewCell.swift */ = {isa = PBXFileReference; fileEncoding = 4; lastKnownFileType = sourcecode.swift; path = ColorCollectionViewCell.swift; sourceTree = "<group>"; };
		22A371D21FD5D96B0029DEDB /* ColorCollectionViewCell.xib */ = {isa = PBXFileReference; fileEncoding = 4; lastKnownFileType = file.xib; path = ColorCollectionViewCell.xib; sourceTree = "<group>"; };
		22A371D31FD5D96B0029DEDB /* ColorsCollectionViewDelegate.swift */ = {isa = PBXFileReference; fileEncoding = 4; lastKnownFileType = sourcecode.swift; path = ColorsCollectionViewDelegate.swift; sourceTree = "<group>"; };
		22A371D41FD5D96B0029DEDB /* CropRectView.swift */ = {isa = PBXFileReference; fileEncoding = 4; lastKnownFileType = sourcecode.swift; path = CropRectView.swift; sourceTree = "<group>"; };
		22A371D51FD5D96B0029DEDB /* CropView.swift */ = {isa = PBXFileReference; fileEncoding = 4; lastKnownFileType = sourcecode.swift; path = CropView.swift; sourceTree = "<group>"; };
		22A371D61FD5D96B0029DEDB /* CropViewController.swift */ = {isa = PBXFileReference; fileEncoding = 4; lastKnownFileType = sourcecode.swift; path = CropViewController.swift; sourceTree = "<group>"; };
		22A371D71FD5D96B0029DEDB /* EmojiCollectionViewCell.swift */ = {isa = PBXFileReference; fileEncoding = 4; lastKnownFileType = sourcecode.swift; path = EmojiCollectionViewCell.swift; sourceTree = "<group>"; };
		22A371D81FD5D96B0029DEDB /* EmojiCollectionViewCell.xib */ = {isa = PBXFileReference; fileEncoding = 4; lastKnownFileType = file.xib; path = EmojiCollectionViewCell.xib; sourceTree = "<group>"; };
		22A371D91FD5D96B0029DEDB /* EmojisCollectionViewDelegate.swift */ = {isa = PBXFileReference; fileEncoding = 4; lastKnownFileType = sourcecode.swift; path = EmojisCollectionViewDelegate.swift; sourceTree = "<group>"; };
		22A371DA1FD5D96B0029DEDB /* Eventtus-Icons.ttf */ = {isa = PBXFileReference; lastKnownFileType = file; path = "Eventtus-Icons.ttf"; sourceTree = "<group>"; };
		22A371DB1FD5D96B0029DEDB /* FiltersViewController.swift */ = {isa = PBXFileReference; fileEncoding = 4; lastKnownFileType = sourcecode.swift; path = FiltersViewController.swift; sourceTree = "<group>"; };
		22A371DC1FD5D96B0029DEDB /* FiltersViewController.xib */ = {isa = PBXFileReference; fileEncoding = 4; lastKnownFileType = file.xib; path = FiltersViewController.xib; sourceTree = "<group>"; };
		22A371DE1FD5D96B0029DEDB /* GradientView.swift */ = {isa = PBXFileReference; fileEncoding = 4; lastKnownFileType = sourcecode.swift; path = GradientView.swift; sourceTree = "<group>"; };
		22A371DF1FD5D96B0029DEDB /* icomoon.ttf */ = {isa = PBXFileReference; lastKnownFileType = file; path = icomoon.ttf; sourceTree = "<group>"; };
		22A371E31FD5D96B0029DEDB /* PhotoCropEditorBorder.png */ = {isa = PBXFileReference; lastKnownFileType = image.png; path = PhotoCropEditorBorder.png; sourceTree = "<group>"; };
		22A371E41FD5D96B0029DEDB /* PhotoCropEditorBorder@2x.png */ = {isa = PBXFileReference; lastKnownFileType = image.png; path = "PhotoCropEditorBorder@2x.png"; sourceTree = "<group>"; };
		22A371E51FD5D96B0029DEDB /* PhotoCropEditorBorder@3x.png */ = {isa = PBXFileReference; lastKnownFileType = image.png; path = "PhotoCropEditorBorder@3x.png"; sourceTree = "<group>"; };
		22A371E61FD5D96B0029DEDB /* PhotoEditor+Controls.swift */ = {isa = PBXFileReference; fileEncoding = 4; lastKnownFileType = sourcecode.swift; path = "PhotoEditor+Controls.swift"; sourceTree = "<group>"; };
		22A371E71FD5D96B0029DEDB /* PhotoEditor+Crop.swift */ = {isa = PBXFileReference; fileEncoding = 4; lastKnownFileType = sourcecode.swift; path = "PhotoEditor+Crop.swift"; sourceTree = "<group>"; };
		22A371E81FD5D96B0029DEDB /* PhotoEditor+Drawing.swift */ = {isa = PBXFileReference; fileEncoding = 4; lastKnownFileType = sourcecode.swift; path = "PhotoEditor+Drawing.swift"; sourceTree = "<group>"; };
		22A371E91FD5D96B0029DEDB /* PhotoEditor+FiltersViewController.swift */ = {isa = PBXFileReference; fileEncoding = 4; lastKnownFileType = sourcecode.swift; path = "PhotoEditor+FiltersViewController.swift"; sourceTree = "<group>"; };
		22A371EA1FD5D96B0029DEDB /* PhotoEditor+Font.swift */ = {isa = PBXFileReference; fileEncoding = 4; lastKnownFileType = sourcecode.swift; path = "PhotoEditor+Font.swift"; sourceTree = "<group>"; };
		22A371EB1FD5D96B0029DEDB /* PhotoEditor+Gestures.swift */ = {isa = PBXFileReference; fileEncoding = 4; lastKnownFileType = sourcecode.swift; path = "PhotoEditor+Gestures.swift"; sourceTree = "<group>"; };
		22A371EC1FD5D96B0029DEDB /* PhotoEditor+Keyboard.swift */ = {isa = PBXFileReference; fileEncoding = 4; lastKnownFileType = sourcecode.swift; path = "PhotoEditor+Keyboard.swift"; sourceTree = "<group>"; };
		22A371ED1FD5D96B0029DEDB /* PhotoEditor+StickersViewController.swift */ = {isa = PBXFileReference; fileEncoding = 4; lastKnownFileType = sourcecode.swift; path = "PhotoEditor+StickersViewController.swift"; sourceTree = "<group>"; };
		22A371EE1FD5D96B0029DEDB /* PhotoEditor+UITextView.swift */ = {isa = PBXFileReference; fileEncoding = 4; lastKnownFileType = sourcecode.swift; path = "PhotoEditor+UITextView.swift"; sourceTree = "<group>"; };
		22A371EF1FD5D96B0029DEDB /* PhotoEditorViewController.swift */ = {isa = PBXFileReference; fileEncoding = 4; lastKnownFileType = sourcecode.swift; path = PhotoEditorViewController.swift; sourceTree = "<group>"; };
		22A371F01FD5D96B0029DEDB /* PhotoEditorViewController.xib */ = {isa = PBXFileReference; fileEncoding = 4; lastKnownFileType = file.xib; path = PhotoEditorViewController.xib; sourceTree = "<group>"; };
		22A371F11FD5D96B0029DEDB /* Protocols.swift */ = {isa = PBXFileReference; fileEncoding = 4; lastKnownFileType = sourcecode.swift; path = Protocols.swift; sourceTree = "<group>"; };
		22A371F21FD5D96B0029DEDB /* ResizeControl.swift */ = {isa = PBXFileReference; fileEncoding = 4; lastKnownFileType = sourcecode.swift; path = ResizeControl.swift; sourceTree = "<group>"; };
		22A371F31FD5D96B0029DEDB /* StickerCollectionViewCell.swift */ = {isa = PBXFileReference; fileEncoding = 4; lastKnownFileType = sourcecode.swift; path = StickerCollectionViewCell.swift; sourceTree = "<group>"; };
		22A371F41FD5D96B0029DEDB /* StickerCollectionViewCell.xib */ = {isa = PBXFileReference; fileEncoding = 4; lastKnownFileType = file.xib; path = StickerCollectionViewCell.xib; sourceTree = "<group>"; };
		22A371F51FD5D96B0029DEDB /* StickersViewController.swift */ = {isa = PBXFileReference; fileEncoding = 4; lastKnownFileType = sourcecode.swift; path = StickersViewController.swift; sourceTree = "<group>"; };
		22A371F61FD5D96B0029DEDB /* StickersViewController.xib */ = {isa = PBXFileReference; fileEncoding = 4; lastKnownFileType = file.xib; path = StickersViewController.xib; sourceTree = "<group>"; };
		22A371F71FD5D96B0029DEDB /* UIImage+Crop.swift */ = {isa = PBXFileReference; fileEncoding = 4; lastKnownFileType = sourcecode.swift; path = "UIImage+Crop.swift"; sourceTree = "<group>"; };
		22A371F81FD5D96B0029DEDB /* UIImage+Size.swift */ = {isa = PBXFileReference; fileEncoding = 4; lastKnownFileType = sourcecode.swift; path = "UIImage+Size.swift"; sourceTree = "<group>"; };
		22A371F91FD5D96B0029DEDB /* UIImageExtensions.swift */ = {isa = PBXFileReference; fileEncoding = 4; lastKnownFileType = sourcecode.swift; path = UIImageExtensions.swift; sourceTree = "<group>"; };
		22A371FA1FD5D96B0029DEDB /* UIImageView+Alpha.swift */ = {isa = PBXFileReference; fileEncoding = 4; lastKnownFileType = sourcecode.swift; path = "UIImageView+Alpha.swift"; sourceTree = "<group>"; };
		22A371FC1FD5D96B0029DEDB /* UIView+Image.swift */ = {isa = PBXFileReference; fileEncoding = 4; lastKnownFileType = sourcecode.swift; path = "UIView+Image.swift"; sourceTree = "<group>"; };
		22A5E5491F8E162F0025A0D5 /* Tile.app */ = {isa = PBXFileReference; explicitFileType = wrapper.application; includeInIndex = 0; path = Tile.app; sourceTree = BUILT_PRODUCTS_DIR; };
		22A5E54C1F8E162F0025A0D5 /* AppDelegate.swift */ = {isa = PBXFileReference; lastKnownFileType = sourcecode.swift; path = AppDelegate.swift; sourceTree = "<group>"; };
		22A5E5511F8E162F0025A0D5 /* Base */ = {isa = PBXFileReference; lastKnownFileType = file.storyboard; name = Base; path = Base.lproj/Main.storyboard; sourceTree = "<group>"; };
		22A5E5541F8E162F0025A0D5 /* Tile.xcdatamodel */ = {isa = PBXFileReference; lastKnownFileType = wrapper.xcdatamodel; path = Tile.xcdatamodel; sourceTree = "<group>"; };
		22A5E5561F8E162F0025A0D5 /* Assets.xcassets */ = {isa = PBXFileReference; lastKnownFileType = folder.assetcatalog; path = Assets.xcassets; sourceTree = "<group>"; };
		22A5E5591F8E162F0025A0D5 /* Base */ = {isa = PBXFileReference; lastKnownFileType = file.storyboard; name = Base; path = Base.lproj/LaunchScreen.storyboard; sourceTree = "<group>"; };
		22A5E55B1F8E162F0025A0D5 /* Info.plist */ = {isa = PBXFileReference; lastKnownFileType = text.plist.xml; path = Info.plist; sourceTree = "<group>"; };
		22A5E5601F8E162F0025A0D5 /* TileTests.xctest */ = {isa = PBXFileReference; explicitFileType = wrapper.cfbundle; includeInIndex = 0; path = TileTests.xctest; sourceTree = BUILT_PRODUCTS_DIR; };
		22A5E5641F8E162F0025A0D5 /* TileTests.swift */ = {isa = PBXFileReference; lastKnownFileType = sourcecode.swift; path = TileTests.swift; sourceTree = "<group>"; };
		22A5E5661F8E162F0025A0D5 /* Info.plist */ = {isa = PBXFileReference; lastKnownFileType = text.plist.xml; path = Info.plist; sourceTree = "<group>"; };
		22A5E56F1F8E180B0025A0D5 /* GoogleService-Info.plist */ = {isa = PBXFileReference; lastKnownFileType = text.plist.xml; path = "GoogleService-Info.plist"; sourceTree = "<group>"; };
		22AC7FAB1FCB1447000BD370 /* TileCell.swift */ = {isa = PBXFileReference; lastKnownFileType = sourcecode.swift; path = TileCell.swift; sourceTree = "<group>"; };
		22AC7FAC1FCB1447000BD370 /* TileCell.xib */ = {isa = PBXFileReference; lastKnownFileType = file.xib; path = TileCell.xib; sourceTree = "<group>"; };
		22D6D2441FADC908001718E0 /* Tile-Bridging-Header.h */ = {isa = PBXFileReference; lastKnownFileType = sourcecode.c.h; path = "Tile-Bridging-Header.h"; sourceTree = "<group>"; };
		22EA4DAE1FBE0438007E9DD9 /* CreateNewAccountInteractor.swift */ = {isa = PBXFileReference; lastKnownFileType = sourcecode.swift; path = CreateNewAccountInteractor.swift; sourceTree = "<group>"; };
		22EA4DAF1FBE0438007E9DD9 /* CreateNewAccountModels.swift */ = {isa = PBXFileReference; lastKnownFileType = sourcecode.swift; path = CreateNewAccountModels.swift; sourceTree = "<group>"; };
		22EA4DB01FBE0438007E9DD9 /* CreateNewAccountPresenter.swift */ = {isa = PBXFileReference; lastKnownFileType = sourcecode.swift; path = CreateNewAccountPresenter.swift; sourceTree = "<group>"; };
		22EA4DB11FBE0438007E9DD9 /* CreateNewAccountRouter.swift */ = {isa = PBXFileReference; lastKnownFileType = sourcecode.swift; path = CreateNewAccountRouter.swift; sourceTree = "<group>"; };
		22EA4DB21FBE0438007E9DD9 /* CreateNewAccountViewController.swift */ = {isa = PBXFileReference; lastKnownFileType = sourcecode.swift; path = CreateNewAccountViewController.swift; sourceTree = "<group>"; };
		22EA4DB31FBE0438007E9DD9 /* CreateNewAccountWorker.swift */ = {isa = PBXFileReference; lastKnownFileType = sourcecode.swift; path = CreateNewAccountWorker.swift; sourceTree = "<group>"; };
		22FA0B5B1FB20CA90088D5BA /* CircleButton.swift */ = {isa = PBXFileReference; fileEncoding = 4; lastKnownFileType = sourcecode.swift; path = CircleButton.swift; sourceTree = "<group>"; };
		22FA0B5E1FB20ECA0088D5BA /* ProfileInteractor.swift */ = {isa = PBXFileReference; lastKnownFileType = sourcecode.swift; path = ProfileInteractor.swift; sourceTree = "<group>"; };
		22FA0B5F1FB20ECA0088D5BA /* ProfileModels.swift */ = {isa = PBXFileReference; lastKnownFileType = sourcecode.swift; path = ProfileModels.swift; sourceTree = "<group>"; };
		22FA0B601FB20ECA0088D5BA /* ProfilePresenter.swift */ = {isa = PBXFileReference; lastKnownFileType = sourcecode.swift; path = ProfilePresenter.swift; sourceTree = "<group>"; };
		22FA0B611FB20ECA0088D5BA /* ProfileRouter.swift */ = {isa = PBXFileReference; lastKnownFileType = sourcecode.swift; path = ProfileRouter.swift; sourceTree = "<group>"; };
		22FA0B621FB20ECA0088D5BA /* ProfileViewController.swift */ = {isa = PBXFileReference; lastKnownFileType = sourcecode.swift; path = ProfileViewController.swift; sourceTree = "<group>"; };
		22FA0B631FB20ECA0088D5BA /* ProfileWorker.swift */ = {isa = PBXFileReference; lastKnownFileType = sourcecode.swift; path = ProfileWorker.swift; sourceTree = "<group>"; };
		32D8CEE985C059541F15FD01 /* Pods-TileTests.debug.xcconfig */ = {isa = PBXFileReference; includeInIndex = 1; lastKnownFileType = text.xcconfig; name = "Pods-TileTests.debug.xcconfig"; path = "Pods/Target Support Files/Pods-TileTests/Pods-TileTests.debug.xcconfig"; sourceTree = "<group>"; };
		515F338ADD4AA50EE8A6FD45 /* Pods-Tile.release.xcconfig */ = {isa = PBXFileReference; includeInIndex = 1; lastKnownFileType = text.xcconfig; name = "Pods-Tile.release.xcconfig"; path = "Pods/Target Support Files/Pods-Tile/Pods-Tile.release.xcconfig"; sourceTree = "<group>"; };
		9C46833E6C731BC052367C47 /* Pods-TileTests.release.xcconfig */ = {isa = PBXFileReference; includeInIndex = 1; lastKnownFileType = text.xcconfig; name = "Pods-TileTests.release.xcconfig"; path = "Pods/Target Support Files/Pods-TileTests/Pods-TileTests.release.xcconfig"; sourceTree = "<group>"; };
		B7BDA09DAB0E43C5E102FFA3 /* Pods_Tile.framework */ = {isa = PBXFileReference; explicitFileType = wrapper.framework; includeInIndex = 0; path = Pods_Tile.framework; sourceTree = BUILT_PRODUCTS_DIR; };
		D5D8E20C87F22FA30148F8D1 /* Pods_TileTests.framework */ = {isa = PBXFileReference; explicitFileType = wrapper.framework; includeInIndex = 0; path = Pods_TileTests.framework; sourceTree = BUILT_PRODUCTS_DIR; };
		FD662B9576A47ECD26E8B20D /* Pods-Tile.debug.xcconfig */ = {isa = PBXFileReference; includeInIndex = 1; lastKnownFileType = text.xcconfig; name = "Pods-Tile.debug.xcconfig"; path = "Pods/Target Support Files/Pods-Tile/Pods-Tile.debug.xcconfig"; sourceTree = "<group>"; };
/* End PBXFileReference section */

/* Begin PBXFrameworksBuildPhase section */
		22A5E5461F8E162F0025A0D5 /* Frameworks */ = {
			isa = PBXFrameworksBuildPhase;
			buildActionMask = 2147483647;
			files = (
				B8A40267CD11F2051E5FA347 /* Pods_Tile.framework in Frameworks */,
			);
			runOnlyForDeploymentPostprocessing = 0;
		};
		22A5E55D1F8E162F0025A0D5 /* Frameworks */ = {
			isa = PBXFrameworksBuildPhase;
			buildActionMask = 2147483647;
			files = (
				8E17DC976E887F782D3E40E6 /* Pods_TileTests.framework in Frameworks */,
			);
			runOnlyForDeploymentPostprocessing = 0;
		};
/* End PBXFrameworksBuildPhase section */

/* Begin PBXGroup section */
		22037D0D1F8E1DF000315130 /* Service */ = {
			isa = PBXGroup;
			children = (
				228065EC1FD314E200832D77 /* WifiManager */,
				22037D0E1F8E1E0F00315130 /* FirebaseService.swift */,
				22037D101F8E1E9400315130 /* SignIn.swift */,
				22037D121F8E21D100315130 /* Constants.swift */,
				2247FB841F9DF84100CE377B /* Reachability.swift */,
			);
			path = Service;
			sourceTree = "<group>";
		};
		226982C81FCF37E000BDFB1D /* ConnectToTile */ = {
			isa = PBXGroup;
			children = (
				226982C91FCF380900BDFB1D /* ConnectToTileInteractor.swift */,
				226982CA1FCF380900BDFB1D /* ConnectToTileModels.swift */,
				226982CB1FCF380900BDFB1D /* ConnectToTilePresenter.swift */,
				226982CC1FCF380900BDFB1D /* ConnectToTileRouter.swift */,
				226982CD1FCF380900BDFB1D /* ConnectToTileViewController.swift */,
				226982CE1FCF380900BDFB1D /* ConnectToTileWorker.swift */,
			);
			path = ConnectToTile;
			sourceTree = "<group>";
		};
		2272CC171F9F6ABD0032B691 /* View */ = {
			isa = PBXGroup;
			children = (
				22FA0B5B1FB20CA90088D5BA /* CircleButton.swift */,
				2294313F1FE057AA002F2A0C /* DesignableUITextField.swift */,
				2272CC181F9F6AF80032B691 /* ImageCell.swift */,
				22AC7FAB1FCB1447000BD370 /* TileCell.swift */,
				22AC7FAC1FCB1447000BD370 /* TileCell.xib */,
			);
			path = View;
			sourceTree = "<group>";
		};
		2272CC1C1F9F926D0032B691 /* Model */ = {
			isa = PBXGroup;
			children = (
				2272CC1D1F9F92800032B691 /* Tile.swift */,
			);
			path = Model;
			sourceTree = "<group>";
		};
		228065EC1FD314E200832D77 /* WifiManager */ = {
			isa = PBXGroup;
			children = (
				228065F31FD314E200832D77 /* getgateway.c */,
				228065F41FD314E200832D77 /* getgateway.h */,
				228065F51FD314E200832D77 /* if_arp.h */,
				228065F61FD314E200832D77 /* if_ether.h */,
				228065F71FD314E200832D77 /* if_types.h */,
				228065F81FD314E200832D77 /* Info.plist */,
				228065F91FD314E200832D77 /* IPObjectiveManager.h */,
				228065FA1FD314E200832D77 /* IPObjectiveManager.m */,
				228065FB1FD314E200832D77 /* MacAddressManager.h */,
				228065FC1FD314E200832D77 /* MacAddressManager.m */,
				228065FD1FD314E200832D77 /* Route.h */,
				228065FE1FD314E200832D77 /* ViewController.swift */,
				228065FF1FD314E200832D77 /* WifiIPManager.swift */,
				228066001FD314E200832D77 /* WiFiManager.swift */,
				2280660C1FD3333F00832D77 /* NetInfo.swift */,
			);
			path = WifiManager;
			sourceTree = "<group>";
		};
		228991251F94BA3500DF2175 /* EditTile */ = {
			isa = PBXGroup;
			children = (
				228991261F94BA5700DF2175 /* EditTileInteractor.swift */,
				228991271F94BA5700DF2175 /* EditTileModels.swift */,
				228991281F94BA5700DF2175 /* EditTilePresenter.swift */,
				228991291F94BA5700DF2175 /* EditTileRouter.swift */,
				2289912A1F94BA5700DF2175 /* EditTileViewController.swift */,
				2289912B1F94BA5700DF2175 /* EditTileWorker.swift */,
			);
			path = EditTile;
			sourceTree = "<group>";
		};
		228991321F94D59000DF2175 /* Tiles */ = {
			isa = PBXGroup;
			children = (
				228991331F94D5A500DF2175 /* TilesInteractor.swift */,
				228991341F94D5A500DF2175 /* TilesModels.swift */,
				228991351F94D5A500DF2175 /* TilesPresenter.swift */,
				228991361F94D5A500DF2175 /* TilesRouter.swift */,
				228991371F94D5A500DF2175 /* TilesViewController.swift */,
				228991381F94D5A500DF2175 /* TilesWorker.swift */,
			);
			path = Tiles;
			sourceTree = "<group>";
		};
		228E024F1FE98F81009AA8EC /* GoToSettings */ = {
			isa = PBXGroup;
			children = (
				228E02501FE9901B009AA8EC /* GoToSettingsInteractor.swift */,
				228E02511FE9901B009AA8EC /* GoToSettingsModels.swift */,
				228E02521FE9901B009AA8EC /* GoToSettingsPresenter.swift */,
				228E02531FE9901B009AA8EC /* GoToSettingsRouter.swift */,
				228E02541FE9901B009AA8EC /* GoToSettingsViewController.swift */,
				228E02551FE9901B009AA8EC /* GoToSettingsWorker.swift */,
			);
			path = GoToSettings;
			sourceTree = "<group>";
		};
		229B10601F8F879700FDA0F4 /* Scenes */ = {
			isa = PBXGroup;
			children = (
				228E024F1FE98F81009AA8EC /* GoToSettings */,
				22A371C81FD5D96B0029DEDB /* Photo Editor */,
				226982C81FCF37E000BDFB1D /* ConnectToTile */,
				22EA4DAD1FBE0420007E9DD9 /* CreateNewAccount */,
				22FA0B5D1FB20D240088D5BA /* Profile */,
				228991321F94D59000DF2175 /* Tiles */,
				228991251F94BA3500DF2175 /* EditTile */,
				229B10611F8F87A300FDA0F4 /* Login */,
			);
			path = Scenes;
			sourceTree = "<group>";
		};
		229B10611F8F87A300FDA0F4 /* Login */ = {
			isa = PBXGroup;
			children = (
				229B10621F8F87B700FDA0F4 /* LoginInteractor.swift */,
				229B10631F8F87B700FDA0F4 /* LoginModels.swift */,
				229B10641F8F87B700FDA0F4 /* LoginPresenter.swift */,
				229B10651F8F87B700FDA0F4 /* LoginRouter.swift */,
				229B10661F8F87B700FDA0F4 /* LoginViewController.swift */,
				229B10671F8F87B700FDA0F4 /* LoginWorker.swift */,
			);
			path = Login;
			sourceTree = "<group>";
		};
		22A371C81FD5D96B0029DEDB /* Photo Editor */ = {
			isa = PBXGroup;
			children = (
				22A371CD1FD5D96B0029DEDB /* PhotoEditor.storyboard */,
				22A371D11FD5D96B0029DEDB /* ColorCollectionViewCell.swift */,
				22A371D21FD5D96B0029DEDB /* ColorCollectionViewCell.xib */,
				22A371D31FD5D96B0029DEDB /* ColorsCollectionViewDelegate.swift */,
				22A371D41FD5D96B0029DEDB /* CropRectView.swift */,
				22A371D51FD5D96B0029DEDB /* CropView.swift */,
				22A371D61FD5D96B0029DEDB /* CropViewController.swift */,
				22A371D71FD5D96B0029DEDB /* EmojiCollectionViewCell.swift */,
				22A371D81FD5D96B0029DEDB /* EmojiCollectionViewCell.xib */,
				22A371D91FD5D96B0029DEDB /* EmojisCollectionViewDelegate.swift */,
				22A371DA1FD5D96B0029DEDB /* Eventtus-Icons.ttf */,
				22A371DB1FD5D96B0029DEDB /* FiltersViewController.swift */,
				22A371DC1FD5D96B0029DEDB /* FiltersViewController.xib */,
				22A371DE1FD5D96B0029DEDB /* GradientView.swift */,
				22A371DF1FD5D96B0029DEDB /* icomoon.ttf */,
				22A371E31FD5D96B0029DEDB /* PhotoCropEditorBorder.png */,
				22A371E41FD5D96B0029DEDB /* PhotoCropEditorBorder@2x.png */,
				22A371E51FD5D96B0029DEDB /* PhotoCropEditorBorder@3x.png */,
				22A371E61FD5D96B0029DEDB /* PhotoEditor+Controls.swift */,
				22A371E71FD5D96B0029DEDB /* PhotoEditor+Crop.swift */,
				22A371E81FD5D96B0029DEDB /* PhotoEditor+Drawing.swift */,
				22A371E91FD5D96B0029DEDB /* PhotoEditor+FiltersViewController.swift */,
				22A371EA1FD5D96B0029DEDB /* PhotoEditor+Font.swift */,
				22A371EB1FD5D96B0029DEDB /* PhotoEditor+Gestures.swift */,
				22A371EC1FD5D96B0029DEDB /* PhotoEditor+Keyboard.swift */,
				22A371ED1FD5D96B0029DEDB /* PhotoEditor+StickersViewController.swift */,
				22A371EE1FD5D96B0029DEDB /* PhotoEditor+UITextView.swift */,
				22A371EF1FD5D96B0029DEDB /* PhotoEditorViewController.swift */,
				22A0EF9E1FEC2E5800693523 /* PhotoEditorViewController + Brightness.swift */,
				22A371F01FD5D96B0029DEDB /* PhotoEditorViewController.xib */,
				22A0EF9A1FEC2B7C00693523 /* BrightnessViewController.swift */,
				22A0EF9B1FEC2B7C00693523 /* BrightnessViewController.xib */,
				22A371F11FD5D96B0029DEDB /* Protocols.swift */,
				22A371F21FD5D96B0029DEDB /* ResizeControl.swift */,
				22A371F31FD5D96B0029DEDB /* StickerCollectionViewCell.swift */,
				22A371F41FD5D96B0029DEDB /* StickerCollectionViewCell.xib */,
				22A371F51FD5D96B0029DEDB /* StickersViewController.swift */,
				22A371F61FD5D96B0029DEDB /* StickersViewController.xib */,
				22A371F71FD5D96B0029DEDB /* UIImage+Crop.swift */,
				22A371F81FD5D96B0029DEDB /* UIImage+Size.swift */,
				22A371F91FD5D96B0029DEDB /* UIImageExtensions.swift */,
				22A371FA1FD5D96B0029DEDB /* UIImageView+Alpha.swift */,
				22A371FC1FD5D96B0029DEDB /* UIView+Image.swift */,
			);
			path = "Photo Editor";
			sourceTree = "<group>";
		};
		22A5E5401F8E162F0025A0D5 = {
			isa = PBXGroup;
			children = (
				22A5E54B1F8E162F0025A0D5 /* Tile */,
				22A5E5631F8E162F0025A0D5 /* TileTests */,
				22A5E54A1F8E162F0025A0D5 /* Products */,
				2517FAAEE9D4AF3EE418405B /* Pods */,
				71356E451A77C92789CEBC4F /* Frameworks */,
			);
			sourceTree = "<group>";
		};
		22A5E54A1F8E162F0025A0D5 /* Products */ = {
			isa = PBXGroup;
			children = (
				22A5E5491F8E162F0025A0D5 /* Tile.app */,
				22A5E5601F8E162F0025A0D5 /* TileTests.xctest */,
			);
			name = Products;
			sourceTree = "<group>";
		};
		22A5E54B1F8E162F0025A0D5 /* Tile */ = {
			isa = PBXGroup;
			children = (
				229B10601F8F879700FDA0F4 /* Scenes */,
				2272CC1C1F9F926D0032B691 /* Model */,
				2272CC171F9F6ABD0032B691 /* View */,
				22037D0D1F8E1DF000315130 /* Service */,
				22A5E5501F8E162F0025A0D5 /* Main.storyboard */,
				22D6D2441FADC908001718E0 /* Tile-Bridging-Header.h */,
				22A5E5561F8E162F0025A0D5 /* Assets.xcassets */,
				22A5E5581F8E162F0025A0D5 /* LaunchScreen.storyboard */,
				22A5E55B1F8E162F0025A0D5 /* Info.plist */,
				22A5E54C1F8E162F0025A0D5 /* AppDelegate.swift */,
				22A5E5531F8E162F0025A0D5 /* Tile.xcdatamodeld */,
				22A5E56F1F8E180B0025A0D5 /* GoogleService-Info.plist */,
			);
			path = Tile;
			sourceTree = "<group>";
		};
		22A5E5631F8E162F0025A0D5 /* TileTests */ = {
			isa = PBXGroup;
			children = (
				22A5E5641F8E162F0025A0D5 /* TileTests.swift */,
				22A5E5661F8E162F0025A0D5 /* Info.plist */,
			);
			path = TileTests;
			sourceTree = "<group>";
		};
		22EA4DAD1FBE0420007E9DD9 /* CreateNewAccount */ = {
			isa = PBXGroup;
			children = (
				22EA4DAE1FBE0438007E9DD9 /* CreateNewAccountInteractor.swift */,
				22EA4DAF1FBE0438007E9DD9 /* CreateNewAccountModels.swift */,
				22EA4DB01FBE0438007E9DD9 /* CreateNewAccountPresenter.swift */,
				22EA4DB11FBE0438007E9DD9 /* CreateNewAccountRouter.swift */,
				22EA4DB21FBE0438007E9DD9 /* CreateNewAccountViewController.swift */,
				22EA4DB31FBE0438007E9DD9 /* CreateNewAccountWorker.swift */,
			);
			path = CreateNewAccount;
			sourceTree = "<group>";
		};
		22FA0B5D1FB20D240088D5BA /* Profile */ = {
			isa = PBXGroup;
			children = (
				22FA0B5E1FB20ECA0088D5BA /* ProfileInteractor.swift */,
				22FA0B5F1FB20ECA0088D5BA /* ProfileModels.swift */,
				22FA0B601FB20ECA0088D5BA /* ProfilePresenter.swift */,
				22FA0B611FB20ECA0088D5BA /* ProfileRouter.swift */,
				22FA0B621FB20ECA0088D5BA /* ProfileViewController.swift */,
				22FA0B631FB20ECA0088D5BA /* ProfileWorker.swift */,
			);
			path = Profile;
			sourceTree = "<group>";
		};
		2517FAAEE9D4AF3EE418405B /* Pods */ = {
			isa = PBXGroup;
			children = (
				FD662B9576A47ECD26E8B20D /* Pods-Tile.debug.xcconfig */,
				515F338ADD4AA50EE8A6FD45 /* Pods-Tile.release.xcconfig */,
				32D8CEE985C059541F15FD01 /* Pods-TileTests.debug.xcconfig */,
				9C46833E6C731BC052367C47 /* Pods-TileTests.release.xcconfig */,
			);
			name = Pods;
			sourceTree = "<group>";
		};
		71356E451A77C92789CEBC4F /* Frameworks */ = {
			isa = PBXGroup;
			children = (
				B7BDA09DAB0E43C5E102FFA3 /* Pods_Tile.framework */,
				D5D8E20C87F22FA30148F8D1 /* Pods_TileTests.framework */,
			);
			name = Frameworks;
			sourceTree = "<group>";
		};
/* End PBXGroup section */

/* Begin PBXNativeTarget section */
		22A5E5481F8E162F0025A0D5 /* Tile */ = {
			isa = PBXNativeTarget;
			buildConfigurationList = 22A5E5691F8E162F0025A0D5 /* Build configuration list for PBXNativeTarget "Tile" */;
			buildPhases = (
				7A21B8F71EE714B6199553FF /* [CP] Check Pods Manifest.lock */,
				22A5E5451F8E162F0025A0D5 /* Sources */,
				22A5E5461F8E162F0025A0D5 /* Frameworks */,
				22A5E5471F8E162F0025A0D5 /* Resources */,
				4D63D6BEADF036C0FA9CD3B4 /* [CP] Embed Pods Frameworks */,
				59A0AF42BD1E7C2A2AA9397F /* [CP] Copy Pods Resources */,
			);
			buildRules = (
			);
			dependencies = (
			);
			name = Tile;
			productName = Tile;
			productReference = 22A5E5491F8E162F0025A0D5 /* Tile.app */;
			productType = "com.apple.product-type.application";
		};
		22A5E55F1F8E162F0025A0D5 /* TileTests */ = {
			isa = PBXNativeTarget;
			buildConfigurationList = 22A5E56C1F8E162F0025A0D5 /* Build configuration list for PBXNativeTarget "TileTests" */;
			buildPhases = (
				946C4150C3B9F1DCE14C6A83 /* [CP] Check Pods Manifest.lock */,
				22A5E55C1F8E162F0025A0D5 /* Sources */,
				22A5E55D1F8E162F0025A0D5 /* Frameworks */,
				22A5E55E1F8E162F0025A0D5 /* Resources */,
				CBA1648FFE5D55C703AC88F1 /* [CP] Embed Pods Frameworks */,
				B5AD2A6239E4FF2CC416163A /* [CP] Copy Pods Resources */,
			);
			buildRules = (
			);
			dependencies = (
				22A5E5621F8E162F0025A0D5 /* PBXTargetDependency */,
			);
			name = TileTests;
			productName = TileTests;
			productReference = 22A5E5601F8E162F0025A0D5 /* TileTests.xctest */;
			productType = "com.apple.product-type.bundle.unit-test";
		};
/* End PBXNativeTarget section */

/* Begin PBXProject section */
		22A5E5411F8E162F0025A0D5 /* Project object */ = {
			isa = PBXProject;
			attributes = {
				LastSwiftUpdateCheck = 0900;
				LastUpgradeCheck = 0900;
				ORGANIZATIONNAME = TimHazhyi;
				TargetAttributes = {
					22A5E5481F8E162F0025A0D5 = {
						CreatedOnToolsVersion = 9.0;
						LastSwiftMigration = 0900;
						ProvisioningStyle = Automatic;
					};
					22A5E55F1F8E162F0025A0D5 = {
						CreatedOnToolsVersion = 9.0;
						ProvisioningStyle = Automatic;
						TestTargetID = 22A5E5481F8E162F0025A0D5;
					};
				};
			};
			buildConfigurationList = 22A5E5441F8E162F0025A0D5 /* Build configuration list for PBXProject "Tile" */;
			compatibilityVersion = "Xcode 8.0";
			developmentRegion = en;
			hasScannedForEncodings = 0;
			knownRegions = (
				en,
				Base,
			);
			mainGroup = 22A5E5401F8E162F0025A0D5;
			productRefGroup = 22A5E54A1F8E162F0025A0D5 /* Products */;
			projectDirPath = "";
			projectRoot = "";
			targets = (
				22A5E5481F8E162F0025A0D5 /* Tile */,
				22A5E55F1F8E162F0025A0D5 /* TileTests */,
			);
		};
/* End PBXProject section */

/* Begin PBXResourcesBuildPhase section */
		22A5E5471F8E162F0025A0D5 /* Resources */ = {
			isa = PBXResourcesBuildPhase;
			buildActionMask = 2147483647;
			files = (
				22A372181FD5D96B0029DEDB /* PhotoCropEditorBorder@3x.png in Resources */,
				22A372231FD5D96B0029DEDB /* PhotoEditorViewController.xib in Resources */,
				22A372121FD5D96B0029DEDB /* icomoon.ttf in Resources */,
				22A372051FD5D96B0029DEDB /* ColorCollectionViewCell.xib in Resources */,
				22A5E55A1F8E162F0025A0D5 /* LaunchScreen.storyboard in Resources */,
				22A3720B1FD5D96B0029DEDB /* EmojiCollectionViewCell.xib in Resources */,
				22A372171FD5D96B0029DEDB /* PhotoCropEditorBorder@2x.png in Resources */,
				22A3720D1FD5D96B0029DEDB /* Eventtus-Icons.ttf in Resources */,
				22A372011FD5D96B0029DEDB /* PhotoEditor.storyboard in Resources */,
				228066061FD314E200832D77 /* Info.plist in Resources */,
				22A3720F1FD5D96B0029DEDB /* FiltersViewController.xib in Resources */,
				22037D141F8E240A00315130 /* GoogleService-Info.plist in Resources */,
				22A372291FD5D96B0029DEDB /* StickersViewController.xib in Resources */,
				22A372271FD5D96B0029DEDB /* StickerCollectionViewCell.xib in Resources */,
				22A5E5571F8E162F0025A0D5 /* Assets.xcassets in Resources */,
				22A0EF9D1FEC2B7C00693523 /* BrightnessViewController.xib in Resources */,
				22A372161FD5D96B0029DEDB /* PhotoCropEditorBorder.png in Resources */,
				22A5E5521F8E162F0025A0D5 /* Main.storyboard in Resources */,
				22AC7FAE1FCB1447000BD370 /* TileCell.xib in Resources */,
			);
			runOnlyForDeploymentPostprocessing = 0;
		};
		22A5E55E1F8E162F0025A0D5 /* Resources */ = {
			isa = PBXResourcesBuildPhase;
			buildActionMask = 2147483647;
			files = (
			);
			runOnlyForDeploymentPostprocessing = 0;
		};
/* End PBXResourcesBuildPhase section */

/* Begin PBXShellScriptBuildPhase section */
		4D63D6BEADF036C0FA9CD3B4 /* [CP] Embed Pods Frameworks */ = {
			isa = PBXShellScriptBuildPhase;
			buildActionMask = 2147483647;
			files = (
			);
			inputPaths = (
				"${SRCROOT}/Pods/Target Support Files/Pods-Tile/Pods-Tile-frameworks.sh",
				"${BUILT_PRODUCTS_DIR}/Bolts/Bolts.framework",
				"${BUILT_PRODUCTS_DIR}/FBSDKCoreKit/FBSDKCoreKit.framework",
				"${BUILT_PRODUCTS_DIR}/FBSDKLoginKit/FBSDKLoginKit.framework",
				"${BUILT_PRODUCTS_DIR}/GTMOAuth2/GTMOAuth2.framework",
				"${BUILT_PRODUCTS_DIR}/GTMSessionFetcher/GTMSessionFetcher.framework",
				"${BUILT_PRODUCTS_DIR}/GoogleToolboxForMac/GoogleToolboxForMac.framework",
				"${BUILT_PRODUCTS_DIR}/Kingfisher/Kingfisher.framework",
				"${BUILT_PRODUCTS_DIR}/Starscream/Starscream.framework",
				"${BUILT_PRODUCTS_DIR}/SwiftKeychainWrapper/SwiftKeychainWrapper.framework",
				"${BUILT_PRODUCTS_DIR}/Unbox/Unbox.framework",
				"${BUILT_PRODUCTS_DIR}/Wrap/Wrap.framework",
				"${BUILT_PRODUCTS_DIR}/leveldb-library/leveldb.framework",
				"${BUILT_PRODUCTS_DIR}/nanopb/nanopb.framework",
			);
			name = "[CP] Embed Pods Frameworks";
			outputPaths = (
				"${TARGET_BUILD_DIR}/${FRAMEWORKS_FOLDER_PATH}/Bolts.framework",
				"${TARGET_BUILD_DIR}/${FRAMEWORKS_FOLDER_PATH}/FBSDKCoreKit.framework",
				"${TARGET_BUILD_DIR}/${FRAMEWORKS_FOLDER_PATH}/FBSDKLoginKit.framework",
				"${TARGET_BUILD_DIR}/${FRAMEWORKS_FOLDER_PATH}/GTMOAuth2.framework",
				"${TARGET_BUILD_DIR}/${FRAMEWORKS_FOLDER_PATH}/GTMSessionFetcher.framework",
				"${TARGET_BUILD_DIR}/${FRAMEWORKS_FOLDER_PATH}/GoogleToolboxForMac.framework",
				"${TARGET_BUILD_DIR}/${FRAMEWORKS_FOLDER_PATH}/Kingfisher.framework",
				"${TARGET_BUILD_DIR}/${FRAMEWORKS_FOLDER_PATH}/Starscream.framework",
				"${TARGET_BUILD_DIR}/${FRAMEWORKS_FOLDER_PATH}/SwiftKeychainWrapper.framework",
				"${TARGET_BUILD_DIR}/${FRAMEWORKS_FOLDER_PATH}/Unbox.framework",
				"${TARGET_BUILD_DIR}/${FRAMEWORKS_FOLDER_PATH}/Wrap.framework",
				"${TARGET_BUILD_DIR}/${FRAMEWORKS_FOLDER_PATH}/leveldb.framework",
				"${TARGET_BUILD_DIR}/${FRAMEWORKS_FOLDER_PATH}/nanopb.framework",
			);
			runOnlyForDeploymentPostprocessing = 0;
			shellPath = /bin/sh;
			shellScript = "\"${SRCROOT}/Pods/Target Support Files/Pods-Tile/Pods-Tile-frameworks.sh\"\n";
			showEnvVarsInLog = 0;
		};
		59A0AF42BD1E7C2A2AA9397F /* [CP] Copy Pods Resources */ = {
			isa = PBXShellScriptBuildPhase;
			buildActionMask = 2147483647;
			files = (
			);
			inputPaths = (
				"${SRCROOT}/Pods/Target Support Files/Pods-Tile/Pods-Tile-resources.sh",
				"${PODS_ROOT}/GoogleSignIn/Resources/GoogleSignIn.bundle",
			);
			name = "[CP] Copy Pods Resources";
			outputPaths = (
				"${TARGET_BUILD_DIR}/${UNLOCALIZED_RESOURCES_FOLDER_PATH}",
			);
			runOnlyForDeploymentPostprocessing = 0;
			shellPath = /bin/sh;
			shellScript = "\"${SRCROOT}/Pods/Target Support Files/Pods-Tile/Pods-Tile-resources.sh\"\n";
			showEnvVarsInLog = 0;
		};
		7A21B8F71EE714B6199553FF /* [CP] Check Pods Manifest.lock */ = {
			isa = PBXShellScriptBuildPhase;
			buildActionMask = 2147483647;
			files = (
			);
			inputPaths = (
				"${PODS_PODFILE_DIR_PATH}/Podfile.lock",
				"${PODS_ROOT}/Manifest.lock",
			);
			name = "[CP] Check Pods Manifest.lock";
			outputPaths = (
				"$(DERIVED_FILE_DIR)/Pods-Tile-checkManifestLockResult.txt",
			);
			runOnlyForDeploymentPostprocessing = 0;
			shellPath = /bin/sh;
			shellScript = "diff \"${PODS_PODFILE_DIR_PATH}/Podfile.lock\" \"${PODS_ROOT}/Manifest.lock\" > /dev/null\nif [ $? != 0 ] ; then\n    # print error to STDERR\n    echo \"error: The sandbox is not in sync with the Podfile.lock. Run 'pod install' or update your CocoaPods installation.\" >&2\n    exit 1\nfi\n# This output is used by Xcode 'outputs' to avoid re-running this script phase.\necho \"SUCCESS\" > \"${SCRIPT_OUTPUT_FILE_0}\"\n";
			showEnvVarsInLog = 0;
		};
		946C4150C3B9F1DCE14C6A83 /* [CP] Check Pods Manifest.lock */ = {
			isa = PBXShellScriptBuildPhase;
			buildActionMask = 2147483647;
			files = (
			);
			inputPaths = (
				"${PODS_PODFILE_DIR_PATH}/Podfile.lock",
				"${PODS_ROOT}/Manifest.lock",
			);
			name = "[CP] Check Pods Manifest.lock";
			outputPaths = (
				"$(DERIVED_FILE_DIR)/Pods-TileTests-checkManifestLockResult.txt",
			);
			runOnlyForDeploymentPostprocessing = 0;
			shellPath = /bin/sh;
			shellScript = "diff \"${PODS_PODFILE_DIR_PATH}/Podfile.lock\" \"${PODS_ROOT}/Manifest.lock\" > /dev/null\nif [ $? != 0 ] ; then\n    # print error to STDERR\n    echo \"error: The sandbox is not in sync with the Podfile.lock. Run 'pod install' or update your CocoaPods installation.\" >&2\n    exit 1\nfi\n# This output is used by Xcode 'outputs' to avoid re-running this script phase.\necho \"SUCCESS\" > \"${SCRIPT_OUTPUT_FILE_0}\"\n";
			showEnvVarsInLog = 0;
		};
		B5AD2A6239E4FF2CC416163A /* [CP] Copy Pods Resources */ = {
			isa = PBXShellScriptBuildPhase;
			buildActionMask = 2147483647;
			files = (
			);
			inputPaths = (
			);
			name = "[CP] Copy Pods Resources";
			outputPaths = (
			);
			runOnlyForDeploymentPostprocessing = 0;
			shellPath = /bin/sh;
			shellScript = "\"${SRCROOT}/Pods/Target Support Files/Pods-TileTests/Pods-TileTests-resources.sh\"\n";
			showEnvVarsInLog = 0;
		};
		CBA1648FFE5D55C703AC88F1 /* [CP] Embed Pods Frameworks */ = {
			isa = PBXShellScriptBuildPhase;
			buildActionMask = 2147483647;
			files = (
			);
			inputPaths = (
			);
			name = "[CP] Embed Pods Frameworks";
			outputPaths = (
			);
			runOnlyForDeploymentPostprocessing = 0;
			shellPath = /bin/sh;
			shellScript = "\"${SRCROOT}/Pods/Target Support Files/Pods-TileTests/Pods-TileTests-frameworks.sh\"\n";
			showEnvVarsInLog = 0;
		};
/* End PBXShellScriptBuildPhase section */

/* Begin PBXSourcesBuildPhase section */
		22A5E5451F8E162F0025A0D5 /* Sources */ = {
			isa = PBXSourcesBuildPhase;
			buildActionMask = 2147483647;
			files = (
				22EA4DB91FBE0438007E9DD9 /* CreateNewAccountWorker.swift in Sources */,
				228E02571FE9901B009AA8EC /* GoToSettingsModels.swift in Sources */,
				22FA0B671FB20ECA0088D5BA /* ProfileRouter.swift in Sources */,
				228E02561FE9901B009AA8EC /* GoToSettingsInteractor.swift in Sources */,
				228991301F94BA5700DF2175 /* EditTileViewController.swift in Sources */,
				22A3721E1FD5D96B0029DEDB /* PhotoEditor+Gestures.swift in Sources */,
				228066081FD314E200832D77 /* MacAddressManager.m in Sources */,
				22A372251FD5D96B0029DEDB /* ResizeControl.swift in Sources */,
				2280660B1FD314E200832D77 /* WiFiManager.swift in Sources */,
				22AC7FAD1FCB1447000BD370 /* TileCell.swift in Sources */,
				22A5E5551F8E162F0025A0D5 /* Tile.xcdatamodeld in Sources */,
				229B10691F8F87B700FDA0F4 /* LoginModels.swift in Sources */,
				22EA4DB71FBE0438007E9DD9 /* CreateNewAccountRouter.swift in Sources */,
				22A3721B1FD5D96B0029DEDB /* PhotoEditor+Drawing.swift in Sources */,
				22FA0B651FB20ECA0088D5BA /* ProfileModels.swift in Sources */,
				22FA0B661FB20ECA0088D5BA /* ProfilePresenter.swift in Sources */,
				228E02581FE9901B009AA8EC /* GoToSettingsPresenter.swift in Sources */,
				22A372281FD5D96B0029DEDB /* StickersViewController.swift in Sources */,
				22FA0B681FB20ECA0088D5BA /* ProfileViewController.swift in Sources */,
				228066051FD314E200832D77 /* getgateway.c in Sources */,
				229B106A1F8F87B700FDA0F4 /* LoginPresenter.swift in Sources */,
				228E025A1FE9901B009AA8EC /* GoToSettingsViewController.swift in Sources */,
				22A3722B1FD5D96B0029DEDB /* UIImage+Size.swift in Sources */,
				2289913B1F94D5A500DF2175 /* TilesPresenter.swift in Sources */,
				226982D21FCF380900BDFB1D /* ConnectToTileRouter.swift in Sources */,
				22A3720E1FD5D96B0029DEDB /* FiltersViewController.swift in Sources */,
				226982D11FCF380900BDFB1D /* ConnectToTilePresenter.swift in Sources */,
				22EA4DB51FBE0438007E9DD9 /* CreateNewAccountModels.swift in Sources */,
				229B10681F8F87B700FDA0F4 /* LoginInteractor.swift in Sources */,
				226982D41FCF380900BDFB1D /* ConnectToTileWorker.swift in Sources */,
				22A372081FD5D96B0029DEDB /* CropView.swift in Sources */,
				22EA4DB41FBE0438007E9DD9 /* CreateNewAccountInteractor.swift in Sources */,
				22037D111F8E1E9400315130 /* SignIn.swift in Sources */,
				22A372041FD5D96B0029DEDB /* ColorCollectionViewCell.swift in Sources */,
				22A372211FD5D96B0029DEDB /* PhotoEditor+UITextView.swift in Sources */,
				22FA0B5C1FB20CA90088D5BA /* CircleButton.swift in Sources */,
				22A372091FD5D96B0029DEDB /* CropViewController.swift in Sources */,
				22037D0F1F8E1E0F00315130 /* FirebaseService.swift in Sources */,
				22EA4DB61FBE0438007E9DD9 /* CreateNewAccountPresenter.swift in Sources */,
				22FA0B641FB20ECA0088D5BA /* ProfileInteractor.swift in Sources */,
				22A3720A1FD5D96B0029DEDB /* EmojiCollectionViewCell.swift in Sources */,
				22A3721D1FD5D96B0029DEDB /* PhotoEditor+Font.swift in Sources */,
				22A372061FD5D96B0029DEDB /* ColorsCollectionViewDelegate.swift in Sources */,
				22A5E54D1F8E162F0025A0D5 /* AppDelegate.swift in Sources */,
				2272CC191F9F6AF80032B691 /* ImageCell.swift in Sources */,
				2280660D1FD3333F00832D77 /* NetInfo.swift in Sources */,
				22A0EF9C1FEC2B7C00693523 /* BrightnessViewController.swift in Sources */,
				22A372191FD5D96B0029DEDB /* PhotoEditor+Controls.swift in Sources */,
				22A3721C1FD5D96B0029DEDB /* PhotoEditor+FiltersViewController.swift in Sources */,
				228066071FD314E200832D77 /* IPObjectiveManager.m in Sources */,
				2289912D1F94BA5700DF2175 /* EditTileModels.swift in Sources */,
				226982D31FCF380900BDFB1D /* ConnectToTileViewController.swift in Sources */,
				229B106B1F8F87B700FDA0F4 /* LoginRouter.swift in Sources */,
				22A3722C1FD5D96B0029DEDB /* UIImageExtensions.swift in Sources */,
				22A372261FD5D96B0029DEDB /* StickerCollectionViewCell.swift in Sources */,
				228991391F94D5A500DF2175 /* TilesInteractor.swift in Sources */,
				228E025B1FE9901B009AA8EC /* GoToSettingsWorker.swift in Sources */,
				229431401FE057AA002F2A0C /* DesignableUITextField.swift in Sources */,
				2289913D1F94D5A500DF2175 /* TilesViewController.swift in Sources */,
				22A372221FD5D96B0029DEDB /* PhotoEditorViewController.swift in Sources */,
				22A3721A1FD5D96B0029DEDB /* PhotoEditor+Crop.swift in Sources */,
				22A372071FD5D96B0029DEDB /* CropRectView.swift in Sources */,
				22A3721F1FD5D96B0029DEDB /* PhotoEditor+Keyboard.swift in Sources */,
				228E02591FE9901B009AA8EC /* GoToSettingsRouter.swift in Sources */,
				22A3720C1FD5D96B0029DEDB /* EmojisCollectionViewDelegate.swift in Sources */,
				22EA4DB81FBE0438007E9DD9 /* CreateNewAccountViewController.swift in Sources */,
				2289912C1F94BA5700DF2175 /* EditTileInteractor.swift in Sources */,
				22A3722F1FD5D96B0029DEDB /* UIView+Image.swift in Sources */,
				2272CC1E1F9F92800032B691 /* Tile.swift in Sources */,
				22A3722D1FD5D96B0029DEDB /* UIImageView+Alpha.swift in Sources */,
				22A372241FD5D96B0029DEDB /* Protocols.swift in Sources */,
				22A3722A1FD5D96B0029DEDB /* UIImage+Crop.swift in Sources */,
				226982CF1FCF380900BDFB1D /* ConnectToTileInteractor.swift in Sources */,
				2247FB851F9DF84100CE377B /* Reachability.swift in Sources */,
				228066091FD314E200832D77 /* ViewController.swift in Sources */,
				2289913C1F94D5A500DF2175 /* TilesRouter.swift in Sources */,
				2280660A1FD314E200832D77 /* WifiIPManager.swift in Sources */,
				22037D131F8E21D100315130 /* Constants.swift in Sources */,
				2289913E1F94D5A500DF2175 /* TilesWorker.swift in Sources */,
				22A0EF9F1FEC2E5800693523 /* PhotoEditorViewController + Brightness.swift in Sources */,
				22FA0B691FB20ECA0088D5BA /* ProfileWorker.swift in Sources */,
				228991311F94BA5700DF2175 /* EditTileWorker.swift in Sources */,
				229B106C1F8F87B700FDA0F4 /* LoginViewController.swift in Sources */,
				2289912E1F94BA5700DF2175 /* EditTilePresenter.swift in Sources */,
				2289912F1F94BA5700DF2175 /* EditTileRouter.swift in Sources */,
				229B106D1F8F87B700FDA0F4 /* LoginWorker.swift in Sources */,
				22A372201FD5D96B0029DEDB /* PhotoEditor+StickersViewController.swift in Sources */,
				22A372111FD5D96B0029DEDB /* GradientView.swift in Sources */,
				226982D01FCF380900BDFB1D /* ConnectToTileModels.swift in Sources */,
				2289913A1F94D5A500DF2175 /* TilesModels.swift in Sources */,
			);
			runOnlyForDeploymentPostprocessing = 0;
		};
		22A5E55C1F8E162F0025A0D5 /* Sources */ = {
			isa = PBXSourcesBuildPhase;
			buildActionMask = 2147483647;
			files = (
				22A5E5651F8E162F0025A0D5 /* TileTests.swift in Sources */,
			);
			runOnlyForDeploymentPostprocessing = 0;
		};
/* End PBXSourcesBuildPhase section */

/* Begin PBXTargetDependency section */
		22A5E5621F8E162F0025A0D5 /* PBXTargetDependency */ = {
			isa = PBXTargetDependency;
			target = 22A5E5481F8E162F0025A0D5 /* Tile */;
			targetProxy = 22A5E5611F8E162F0025A0D5 /* PBXContainerItemProxy */;
		};
/* End PBXTargetDependency section */

/* Begin PBXVariantGroup section */
		22A371CD1FD5D96B0029DEDB /* PhotoEditor.storyboard */ = {
			isa = PBXVariantGroup;
			children = (
				22A371CE1FD5D96B0029DEDB /* Base */,
			);
			name = PhotoEditor.storyboard;
			sourceTree = "<group>";
		};
		22A5E5501F8E162F0025A0D5 /* Main.storyboard */ = {
			isa = PBXVariantGroup;
			children = (
				22A5E5511F8E162F0025A0D5 /* Base */,
			);
			name = Main.storyboard;
			sourceTree = "<group>";
		};
		22A5E5581F8E162F0025A0D5 /* LaunchScreen.storyboard */ = {
			isa = PBXVariantGroup;
			children = (
				22A5E5591F8E162F0025A0D5 /* Base */,
			);
			name = LaunchScreen.storyboard;
			sourceTree = "<group>";
		};
/* End PBXVariantGroup section */

/* Begin XCBuildConfiguration section */
		22A5E5671F8E162F0025A0D5 /* Debug */ = {
			isa = XCBuildConfiguration;
			buildSettings = {
				ALWAYS_SEARCH_USER_PATHS = NO;
				CLANG_ANALYZER_NONNULL = YES;
				CLANG_ANALYZER_NUMBER_OBJECT_CONVERSION = YES_AGGRESSIVE;
				CLANG_CXX_LANGUAGE_STANDARD = "gnu++14";
				CLANG_CXX_LIBRARY = "libc++";
				CLANG_ENABLE_MODULES = YES;
				CLANG_ENABLE_OBJC_ARC = YES;
				CLANG_WARN_BLOCK_CAPTURE_AUTORELEASING = YES;
				CLANG_WARN_BOOL_CONVERSION = YES;
				CLANG_WARN_COMMA = YES;
				CLANG_WARN_CONSTANT_CONVERSION = YES;
				CLANG_WARN_DIRECT_OBJC_ISA_USAGE = YES_ERROR;
				CLANG_WARN_DOCUMENTATION_COMMENTS = YES;
				CLANG_WARN_EMPTY_BODY = YES;
				CLANG_WARN_ENUM_CONVERSION = YES;
				CLANG_WARN_INFINITE_RECURSION = YES;
				CLANG_WARN_INT_CONVERSION = YES;
				CLANG_WARN_NON_LITERAL_NULL_CONVERSION = YES;
				CLANG_WARN_OBJC_LITERAL_CONVERSION = YES;
				CLANG_WARN_OBJC_ROOT_CLASS = YES_ERROR;
				CLANG_WARN_RANGE_LOOP_ANALYSIS = YES;
				CLANG_WARN_STRICT_PROTOTYPES = YES;
				CLANG_WARN_SUSPICIOUS_MOVE = YES;
				CLANG_WARN_UNGUARDED_AVAILABILITY = YES_AGGRESSIVE;
				CLANG_WARN_UNREACHABLE_CODE = YES;
				CLANG_WARN__DUPLICATE_METHOD_MATCH = YES;
				CODE_SIGN_IDENTITY = "iPhone Developer";
				COPY_PHASE_STRIP = NO;
				DEBUG_INFORMATION_FORMAT = dwarf;
				ENABLE_STRICT_OBJC_MSGSEND = YES;
				ENABLE_TESTABILITY = YES;
				GCC_C_LANGUAGE_STANDARD = gnu11;
				GCC_DYNAMIC_NO_PIC = NO;
				GCC_NO_COMMON_BLOCKS = YES;
				GCC_OPTIMIZATION_LEVEL = 0;
				GCC_PREPROCESSOR_DEFINITIONS = (
					"DEBUG=1",
					"$(inherited)",
				);
				GCC_WARN_64_TO_32_BIT_CONVERSION = YES;
				GCC_WARN_ABOUT_RETURN_TYPE = YES_ERROR;
				GCC_WARN_UNDECLARED_SELECTOR = YES;
				GCC_WARN_UNINITIALIZED_AUTOS = YES_AGGRESSIVE;
				GCC_WARN_UNUSED_FUNCTION = YES;
				GCC_WARN_UNUSED_VARIABLE = YES;
				IPHONEOS_DEPLOYMENT_TARGET = 11.0;
				MTL_ENABLE_DEBUG_INFO = YES;
				ONLY_ACTIVE_ARCH = YES;
				SDKROOT = iphoneos;
				SWIFT_ACTIVE_COMPILATION_CONDITIONS = DEBUG;
				SWIFT_OPTIMIZATION_LEVEL = "-Onone";
			};
			name = Debug;
		};
		22A5E5681F8E162F0025A0D5 /* Release */ = {
			isa = XCBuildConfiguration;
			buildSettings = {
				ALWAYS_SEARCH_USER_PATHS = NO;
				CLANG_ANALYZER_NONNULL = YES;
				CLANG_ANALYZER_NUMBER_OBJECT_CONVERSION = YES_AGGRESSIVE;
				CLANG_CXX_LANGUAGE_STANDARD = "gnu++14";
				CLANG_CXX_LIBRARY = "libc++";
				CLANG_ENABLE_MODULES = YES;
				CLANG_ENABLE_OBJC_ARC = YES;
				CLANG_WARN_BLOCK_CAPTURE_AUTORELEASING = YES;
				CLANG_WARN_BOOL_CONVERSION = YES;
				CLANG_WARN_COMMA = YES;
				CLANG_WARN_CONSTANT_CONVERSION = YES;
				CLANG_WARN_DIRECT_OBJC_ISA_USAGE = YES_ERROR;
				CLANG_WARN_DOCUMENTATION_COMMENTS = YES;
				CLANG_WARN_EMPTY_BODY = YES;
				CLANG_WARN_ENUM_CONVERSION = YES;
				CLANG_WARN_INFINITE_RECURSION = YES;
				CLANG_WARN_INT_CONVERSION = YES;
				CLANG_WARN_NON_LITERAL_NULL_CONVERSION = YES;
				CLANG_WARN_OBJC_LITERAL_CONVERSION = YES;
				CLANG_WARN_OBJC_ROOT_CLASS = YES_ERROR;
				CLANG_WARN_RANGE_LOOP_ANALYSIS = YES;
				CLANG_WARN_STRICT_PROTOTYPES = YES;
				CLANG_WARN_SUSPICIOUS_MOVE = YES;
				CLANG_WARN_UNGUARDED_AVAILABILITY = YES_AGGRESSIVE;
				CLANG_WARN_UNREACHABLE_CODE = YES;
				CLANG_WARN__DUPLICATE_METHOD_MATCH = YES;
				CODE_SIGN_IDENTITY = "iPhone Developer";
				COPY_PHASE_STRIP = NO;
				DEBUG_INFORMATION_FORMAT = "dwarf-with-dsym";
				ENABLE_NS_ASSERTIONS = NO;
				ENABLE_STRICT_OBJC_MSGSEND = YES;
				GCC_C_LANGUAGE_STANDARD = gnu11;
				GCC_NO_COMMON_BLOCKS = YES;
				GCC_WARN_64_TO_32_BIT_CONVERSION = YES;
				GCC_WARN_ABOUT_RETURN_TYPE = YES_ERROR;
				GCC_WARN_UNDECLARED_SELECTOR = YES;
				GCC_WARN_UNINITIALIZED_AUTOS = YES_AGGRESSIVE;
				GCC_WARN_UNUSED_FUNCTION = YES;
				GCC_WARN_UNUSED_VARIABLE = YES;
				IPHONEOS_DEPLOYMENT_TARGET = 11.0;
				MTL_ENABLE_DEBUG_INFO = NO;
				SDKROOT = iphoneos;
				SWIFT_OPTIMIZATION_LEVEL = "-Owholemodule";
				VALIDATE_PRODUCT = YES;
			};
			name = Release;
		};
		22A5E56A1F8E162F0025A0D5 /* Debug */ = {
			isa = XCBuildConfiguration;
			baseConfigurationReference = FD662B9576A47ECD26E8B20D /* Pods-Tile.debug.xcconfig */;
			buildSettings = {
				ASSETCATALOG_COMPILER_APPICON_NAME = AppIcon;
				CLANG_ENABLE_MODULES = YES;
				"CODE_SIGN_IDENTITY[sdk=iphoneos*]" = "iPhone Developer";
				CODE_SIGN_STYLE = Automatic;
				DEVELOPMENT_TEAM = TGE7YRQW2V;
				INFOPLIST_FILE = Tile/Info.plist;
				IPHONEOS_DEPLOYMENT_TARGET = 10.3;
				LD_RUNPATH_SEARCH_PATHS = "$(inherited) @executable_path/Frameworks";
				PRODUCT_BUNDLE_IDENTIFIER = com.timhazhyi.Tile;
				PRODUCT_NAME = "$(TARGET_NAME)";
				PROVISIONING_PROFILE_SPECIFIER = "";
				SWIFT_OBJC_BRIDGING_HEADER = "Tile/Tile-Bridging-Header.h";
				SWIFT_OPTIMIZATION_LEVEL = "-Onone";
				SWIFT_VERSION = 4.0;
				TARGETED_DEVICE_FAMILY = 1;
			};
			name = Debug;
		};
		22A5E56B1F8E162F0025A0D5 /* Release */ = {
			isa = XCBuildConfiguration;
			baseConfigurationReference = 515F338ADD4AA50EE8A6FD45 /* Pods-Tile.release.xcconfig */;
			buildSettings = {
				ASSETCATALOG_COMPILER_APPICON_NAME = AppIcon;
				CLANG_ENABLE_MODULES = YES;
				"CODE_SIGN_IDENTITY[sdk=iphoneos*]" = "iPhone Developer";
				CODE_SIGN_STYLE = Automatic;
				DEVELOPMENT_TEAM = TGE7YRQW2V;
				INFOPLIST_FILE = Tile/Info.plist;
				IPHONEOS_DEPLOYMENT_TARGET = 10.3;
				LD_RUNPATH_SEARCH_PATHS = "$(inherited) @executable_path/Frameworks";
				PRODUCT_BUNDLE_IDENTIFIER = com.timhazhyi.Tile;
				PRODUCT_NAME = "$(TARGET_NAME)";
				PROVISIONING_PROFILE_SPECIFIER = "";
				SWIFT_OBJC_BRIDGING_HEADER = "Tile/Tile-Bridging-Header.h";
				SWIFT_VERSION = 4.0;
				TARGETED_DEVICE_FAMILY = 1;
			};
			name = Release;
		};
		22A5E56D1F8E162F0025A0D5 /* Debug */ = {
			isa = XCBuildConfiguration;
			baseConfigurationReference = 32D8CEE985C059541F15FD01 /* Pods-TileTests.debug.xcconfig */;
			buildSettings = {
				ALWAYS_EMBED_SWIFT_STANDARD_LIBRARIES = YES;
				BUNDLE_LOADER = "$(TEST_HOST)";
				CODE_SIGN_STYLE = Automatic;
				DEVELOPMENT_TEAM = TGE7YRQW2V;
				INFOPLIST_FILE = TileTests/Info.plist;
				LD_RUNPATH_SEARCH_PATHS = "$(inherited) @executable_path/Frameworks @loader_path/Frameworks";
				PRODUCT_BUNDLE_IDENTIFIER = com.timhazhyi.TileTests;
				PRODUCT_NAME = "$(TARGET_NAME)";
				SWIFT_VERSION = 4.0;
				TARGETED_DEVICE_FAMILY = "1,2";
				TEST_HOST = "$(BUILT_PRODUCTS_DIR)/Tile.app/Tile";
			};
			name = Debug;
		};
		22A5E56E1F8E162F0025A0D5 /* Release */ = {
			isa = XCBuildConfiguration;
			baseConfigurationReference = 9C46833E6C731BC052367C47 /* Pods-TileTests.release.xcconfig */;
			buildSettings = {
				ALWAYS_EMBED_SWIFT_STANDARD_LIBRARIES = YES;
				BUNDLE_LOADER = "$(TEST_HOST)";
				CODE_SIGN_STYLE = Automatic;
				DEVELOPMENT_TEAM = TGE7YRQW2V;
				INFOPLIST_FILE = TileTests/Info.plist;
				LD_RUNPATH_SEARCH_PATHS = "$(inherited) @executable_path/Frameworks @loader_path/Frameworks";
				PRODUCT_BUNDLE_IDENTIFIER = com.timhazhyi.TileTests;
				PRODUCT_NAME = "$(TARGET_NAME)";
				SWIFT_VERSION = 4.0;
				TARGETED_DEVICE_FAMILY = "1,2";
				TEST_HOST = "$(BUILT_PRODUCTS_DIR)/Tile.app/Tile";
			};
			name = Release;
		};
/* End XCBuildConfiguration section */

/* Begin XCConfigurationList section */
		22A5E5441F8E162F0025A0D5 /* Build configuration list for PBXProject "Tile" */ = {
			isa = XCConfigurationList;
			buildConfigurations = (
				22A5E5671F8E162F0025A0D5 /* Debug */,
				22A5E5681F8E162F0025A0D5 /* Release */,
			);
			defaultConfigurationIsVisible = 0;
			defaultConfigurationName = Release;
		};
		22A5E5691F8E162F0025A0D5 /* Build configuration list for PBXNativeTarget "Tile" */ = {
			isa = XCConfigurationList;
			buildConfigurations = (
				22A5E56A1F8E162F0025A0D5 /* Debug */,
				22A5E56B1F8E162F0025A0D5 /* Release */,
			);
			defaultConfigurationIsVisible = 0;
			defaultConfigurationName = Release;
		};
		22A5E56C1F8E162F0025A0D5 /* Build configuration list for PBXNativeTarget "TileTests" */ = {
			isa = XCConfigurationList;
			buildConfigurations = (
				22A5E56D1F8E162F0025A0D5 /* Debug */,
				22A5E56E1F8E162F0025A0D5 /* Release */,
			);
			defaultConfigurationIsVisible = 0;
			defaultConfigurationName = Release;
		};
/* End XCConfigurationList section */

/* Begin XCVersionGroup section */
		22A5E5531F8E162F0025A0D5 /* Tile.xcdatamodeld */ = {
			isa = XCVersionGroup;
			children = (
				22A5E5541F8E162F0025A0D5 /* Tile.xcdatamodel */,
			);
			currentVersion = 22A5E5541F8E162F0025A0D5 /* Tile.xcdatamodel */;
			path = Tile.xcdatamodeld;
			sourceTree = "<group>";
			versionGroupType = wrapper.xcdatamodel;
		};
/* End XCVersionGroup section */
	};
	rootObject = 22A5E5411F8E162F0025A0D5 /* Project object */;
}
